// !$*UTF8*$!
{
	archiveVersion = 1;
	classes = {
	};
	objectVersion = 46;
	objects = {

/* Begin PBXBuildFile section */
		65EA3C5E54EB4BAFA250D6D2 /* libPods.a in Frameworks */ = {isa = PBXBuildFile; fileRef = FCDE334FD0264AAB8A72094E /* libPods.a */; };
		BD028699185736020043EFE6 /* Foundation.framework in Frameworks */ = {isa = PBXBuildFile; fileRef = BD028698185736020043EFE6 /* Foundation.framework */; };
		BD02869B185736020043EFE6 /* CoreGraphics.framework in Frameworks */ = {isa = PBXBuildFile; fileRef = BD02869A185736020043EFE6 /* CoreGraphics.framework */; };
		BD02869D185736020043EFE6 /* UIKit.framework in Frameworks */ = {isa = PBXBuildFile; fileRef = BD02869C185736020043EFE6 /* UIKit.framework */; };
		BD02869F185736020043EFE6 /* CoreData.framework in Frameworks */ = {isa = PBXBuildFile; fileRef = BD02869E185736020043EFE6 /* CoreData.framework */; };
		BD0286A7185736030043EFE6 /* main.m in Sources */ = {isa = PBXBuildFile; fileRef = BD0286A6185736030043EFE6 /* main.m */; };
		BD0286AB185736030043EFE6 /* DsAppDelegate.m in Sources */ = {isa = PBXBuildFile; fileRef = BD0286AA185736030043EFE6 /* DsAppDelegate.m */; };
		BD0286AE185736030043EFE6 /* duosuccess.xcdatamodeld in Sources */ = {isa = PBXBuildFile; fileRef = BD0286AC185736030043EFE6 /* duosuccess.xcdatamodeld */; };
		BD0286B7185736030043EFE6 /* XCTest.framework in Frameworks */ = {isa = PBXBuildFile; fileRef = BD0286B6185736030043EFE6 /* XCTest.framework */; };
		BD0286B8185736030043EFE6 /* Foundation.framework in Frameworks */ = {isa = PBXBuildFile; fileRef = BD028698185736020043EFE6 /* Foundation.framework */; };
		BD0286B9185736030043EFE6 /* UIKit.framework in Frameworks */ = {isa = PBXBuildFile; fileRef = BD02869C185736020043EFE6 /* UIKit.framework */; };
		BD0286BA185736030043EFE6 /* CoreData.framework in Frameworks */ = {isa = PBXBuildFile; fileRef = BD02869E185736020043EFE6 /* CoreData.framework */; };
		BD0286C2185736030043EFE6 /* InfoPlist.strings in Resources */ = {isa = PBXBuildFile; fileRef = BD0286C0185736030043EFE6 /* InfoPlist.strings */; };
		BD0286C4185736030043EFE6 /* duosuccessTests.m in Sources */ = {isa = PBXBuildFile; fileRef = BD0286C3185736030043EFE6 /* duosuccessTests.m */; };
		BD138ABE187D06A0002F577B /* UIColor+Hex.m in Sources */ = {isa = PBXBuildFile; fileRef = BD138ABD187D06A0002F577B /* UIColor+Hex.m */; };
		BD138AC2187D2FA2002F577B /* dmenubar-7@2x.png in Resources */ = {isa = PBXBuildFile; fileRef = BD138ABF187D2FA2002F577B /* dmenubar-7@2x.png */; };
		BD138AC3187D2FA2002F577B /* dmenubar@2x.png in Resources */ = {isa = PBXBuildFile; fileRef = BD138AC0187D2FA2002F577B /* dmenubar@2x.png */; };
		BD138AC4187D2FA2002F577B /* dtabbar@2x.png in Resources */ = {isa = PBXBuildFile; fileRef = BD138AC1187D2FA2002F577B /* dtabbar@2x.png */; };
		BD138AC6187D31E3002F577B /* dlist_bullets_icon&48.png in Resources */ = {isa = PBXBuildFile; fileRef = BD138AC5187D31E3002F577B /* dlist_bullets_icon&48.png */; };
		BD138ACB187E446A002F577B /* DsArticleHelper.m in Sources */ = {isa = PBXBuildFile; fileRef = BD138ACA187E446A002F577B /* DsArticleHelper.m */; };
		BD138ACE187E6BC6002F577B /* DsMask.m in Sources */ = {isa = PBXBuildFile; fileRef = BD138ACD187E6BC6002F577B /* DsMask.m */; };
		BD3449DE1866F227005357D6 /* DsNotificationReceiver.m in Sources */ = {isa = PBXBuildFile; fileRef = BD3449DD1866F227005357D6 /* DsNotificationReceiver.m */; };
		BD3449E518687A3D005357D6 /* DsConst.m in Sources */ = {isa = PBXBuildFile; fileRef = BD3449E418687A3D005357D6 /* DsConst.m */; };
		BD3449EB18696676005357D6 /* DsListViewController.m in Sources */ = {isa = PBXBuildFile; fileRef = BD3449EA18696676005357D6 /* DsListViewController.m */; };
		BD3449F11869781E005357D6 /* DsMainListImpl.m in Sources */ = {isa = PBXBuildFile; fileRef = BD3449F01869781E005357D6 /* DsMainListImpl.m */; };
		BD3449F41869782B005357D6 /* DsCategoryListImpl.m in Sources */ = {isa = PBXBuildFile; fileRef = BD3449F31869782B005357D6 /* DsCategoryListImpl.m */; };
		BD3A1C781873140C00CD69FB /* DsFileStore.m in Sources */ = {isa = PBXBuildFile; fileRef = BD3A1C771873140C00CD69FB /* DsFileStore.m */; };
		BD3A1C7B1873CFF300CD69FB /* DsEventStore.m in Sources */ = {isa = PBXBuildFile; fileRef = BD3A1C7A1873CFF300CD69FB /* DsEventStore.m */; };
		BD41347518573AC40090C605 /* DsDataStore.m in Sources */ = {isa = PBXBuildFile; fileRef = BD41347418573AC40090C605 /* DsDataStore.m */; };
		BD41348D18574C350090C605 /* DsCategory.m in Sources */ = {isa = PBXBuildFile; fileRef = BD41348C18574C350090C605 /* DsCategory.m */; };
		BD41349018574E3A0090C605 /* DsArticle.m in Sources */ = {isa = PBXBuildFile; fileRef = BD41348F18574E3A0090C605 /* DsArticle.m */; };
		BD41349318574E770090C605 /* DsLang.m in Sources */ = {isa = PBXBuildFile; fileRef = BD41349218574E770090C605 /* DsLang.m */; };
		BD41349518575AD80090C605 /* MainIphone.storyboard in Resources */ = {isa = PBXBuildFile; fileRef = BD41349418575AD80090C605 /* MainIphone.storyboard */; };
		BD41349818575C590090C605 /* DsRootViewController.m in Sources */ = {isa = PBXBuildFile; fileRef = BD41349718575C590090C605 /* DsRootViewController.m */; };
		BD41349B18575C850090C605 /* DsMenuViewController.m in Sources */ = {isa = PBXBuildFile; fileRef = BD41349A18575C850090C605 /* DsMenuViewController.m */; };
		BD4134A61858157D0090C605 /* IntroControll.m in Sources */ = {isa = PBXBuildFile; fileRef = BD4134A11858157D0090C605 /* IntroControll.m */; };
		BD4134A71858157D0090C605 /* IntroModel.m in Sources */ = {isa = PBXBuildFile; fileRef = BD4134A31858157D0090C605 /* IntroModel.m */; };
		BD4134A81858157D0090C605 /* IntroView.m in Sources */ = {isa = PBXBuildFile; fileRef = BD4134A51858157D0090C605 /* IntroView.m */; };
		BD4134AA185816D80090C605 /* DsTableCell.xib in Resources */ = {isa = PBXBuildFile; fileRef = BD4134A9185816D80090C605 /* DsTableCell.xib */; };
		BD4134AD18581A350090C605 /* DsTableCell.m in Sources */ = {isa = PBXBuildFile; fileRef = BD4134AC18581A350090C605 /* DsTableCell.m */; };
		BD4134B21858533C0090C605 /* DsArticleViewController.m in Sources */ = {isa = PBXBuildFile; fileRef = BD4134B11858533C0090C605 /* DsArticleViewController.m */; };
		BD4134B518585D020090C605 /* DsIntroViewController.m in Sources */ = {isa = PBXBuildFile; fileRef = BD4134B418585D020090C605 /* DsIntroViewController.m */; };
		BD4134B7185885420090C605 /* DsInstConfrim.xib in Resources */ = {isa = PBXBuildFile; fileRef = BD4134B6185885420090C605 /* DsInstConfrim.xib */; };
		BD4134BA185888110090C605 /* DsInstConfirm.m in Sources */ = {isa = PBXBuildFile; fileRef = BD4134B9185888110090C605 /* DsInstConfirm.m */; };
		BD4134E118596DF30090C605 /* LICENSE in Resources */ = {isa = PBXBuildFile; fileRef = BD4134C118596DF30090C605 /* LICENSE */; };
		BD4134E218596DF30090C605 /* Readme.markdown in Resources */ = {isa = PBXBuildFile; fileRef = BD4134C218596DF30090C605 /* Readme.markdown */; };
		BD4134E318596DF30090C605 /* SAMWebView-action-button-mini.png in Resources */ = {isa = PBXBuildFile; fileRef = BD4134C418596DF30090C605 /* SAMWebView-action-button-mini.png */; };
		BD4134E418596DF30090C605 /* SAMWebView-action-button-mini@2x.png in Resources */ = {isa = PBXBuildFile; fileRef = BD4134C518596DF30090C605 /* SAMWebView-action-button-mini@2x.png */; };
		BD4134E518596DF30090C605 /* SAMWebView-action-button.png in Resources */ = {isa = PBXBuildFile; fileRef = BD4134C618596DF30090C605 /* SAMWebView-action-button.png */; };
		BD4134E618596DF30090C605 /* SAMWebView-action-button@2x.png in Resources */ = {isa = PBXBuildFile; fileRef = BD4134C718596DF30090C605 /* SAMWebView-action-button@2x.png */; };
		BD4134E718596DF30090C605 /* SAMWebView-back-button-mini.png in Resources */ = {isa = PBXBuildFile; fileRef = BD4134C818596DF30090C605 /* SAMWebView-back-button-mini.png */; };
		BD4134E818596DF30090C605 /* SAMWebView-back-button-mini@2x.png in Resources */ = {isa = PBXBuildFile; fileRef = BD4134C918596DF30090C605 /* SAMWebView-back-button-mini@2x.png */; };
		BD4134E918596DF30090C605 /* SAMWebView-back-button.png in Resources */ = {isa = PBXBuildFile; fileRef = BD4134CA18596DF30090C605 /* SAMWebView-back-button.png */; };
		BD4134EA18596DF30090C605 /* SAMWebView-back-button@2x.png in Resources */ = {isa = PBXBuildFile; fileRef = BD4134CB18596DF30090C605 /* SAMWebView-back-button@2x.png */; };
		BD4134EB18596DF30090C605 /* SAMWebView-forward-button-mini.png in Resources */ = {isa = PBXBuildFile; fileRef = BD4134CC18596DF30090C605 /* SAMWebView-forward-button-mini.png */; };
		BD4134EC18596DF30090C605 /* SAMWebView-forward-button-mini@2x.png in Resources */ = {isa = PBXBuildFile; fileRef = BD4134CD18596DF30090C605 /* SAMWebView-forward-button-mini@2x.png */; };
		BD4134ED18596DF30090C605 /* SAMWebView-forward-button.png in Resources */ = {isa = PBXBuildFile; fileRef = BD4134CE18596DF30090C605 /* SAMWebView-forward-button.png */; };
		BD4134EE18596DF30090C605 /* SAMWebView-forward-button@2x.png in Resources */ = {isa = PBXBuildFile; fileRef = BD4134CF18596DF30090C605 /* SAMWebView-forward-button@2x.png */; };
		BD4134EF18596DF30090C605 /* SAMWebView-reload-button-mini.png in Resources */ = {isa = PBXBuildFile; fileRef = BD4134D018596DF30090C605 /* SAMWebView-reload-button-mini.png */; };
		BD4134F018596DF30090C605 /* SAMWebView-reload-button-mini@2x.png in Resources */ = {isa = PBXBuildFile; fileRef = BD4134D118596DF30090C605 /* SAMWebView-reload-button-mini@2x.png */; };
		BD4134F118596DF30090C605 /* SAMWebView-reload-button.png in Resources */ = {isa = PBXBuildFile; fileRef = BD4134D218596DF30090C605 /* SAMWebView-reload-button.png */; };
		BD4134F218596DF30090C605 /* SAMWebView-reload-button@2x.png in Resources */ = {isa = PBXBuildFile; fileRef = BD4134D318596DF30090C605 /* SAMWebView-reload-button@2x.png */; };
		BD4134F318596DF30090C605 /* SAMWebView-safari-button-mini.png in Resources */ = {isa = PBXBuildFile; fileRef = BD4134D418596DF30090C605 /* SAMWebView-safari-button-mini.png */; };
		BD4134F418596DF30090C605 /* SAMWebView-safari-button-mini@2x.png in Resources */ = {isa = PBXBuildFile; fileRef = BD4134D518596DF30090C605 /* SAMWebView-safari-button-mini@2x.png */; };
		BD4134F518596DF30090C605 /* SAMWebView-safari-button.png in Resources */ = {isa = PBXBuildFile; fileRef = BD4134D618596DF30090C605 /* SAMWebView-safari-button.png */; };
		BD4134F618596DF30090C605 /* SAMWebView-safari-button@2x.png in Resources */ = {isa = PBXBuildFile; fileRef = BD4134D718596DF30090C605 /* SAMWebView-safari-button@2x.png */; };
		BD4134F718596DF30090C605 /* SAMWebView-stop-button-mini.png in Resources */ = {isa = PBXBuildFile; fileRef = BD4134D818596DF30090C605 /* SAMWebView-stop-button-mini.png */; };
		BD4134F818596DF30090C605 /* SAMWebView-stop-button-mini@2x.png in Resources */ = {isa = PBXBuildFile; fileRef = BD4134D918596DF30090C605 /* SAMWebView-stop-button-mini@2x.png */; };
		BD4134F918596DF30090C605 /* SAMWebView-stop-button.png in Resources */ = {isa = PBXBuildFile; fileRef = BD4134DA18596DF30090C605 /* SAMWebView-stop-button.png */; };
		BD4134FA18596DF30090C605 /* SAMWebView-stop-button@2x.png in Resources */ = {isa = PBXBuildFile; fileRef = BD4134DB18596DF30090C605 /* SAMWebView-stop-button@2x.png */; };
		BD4134FB18596DF30090C605 /* SAMWebView.m in Sources */ = {isa = PBXBuildFile; fileRef = BD4134DE18596DF30090C605 /* SAMWebView.m */; };
		BD4134FC18596DF30090C605 /* SAMWebViewController.m in Sources */ = {isa = PBXBuildFile; fileRef = BD4134E018596DF30090C605 /* SAMWebViewController.m */; };
		BD4134FE185981310090C605 /* MessageUI.framework in Frameworks */ = {isa = PBXBuildFile; fileRef = BD4134FD185981310090C605 /* MessageUI.framework */; };
		BD41350118599F250090C605 /* DsMusicPlayer.m in Sources */ = {isa = PBXBuildFile; fileRef = BD41350018599F250090C605 /* DsMusicPlayer.m */; };
		BD41350318599F8C0090C605 /* CoreAudio.framework in Frameworks */ = {isa = PBXBuildFile; fileRef = BD41350218599F8C0090C605 /* CoreAudio.framework */; };
		BD41350518599F940090C605 /* AVFoundation.framework in Frameworks */ = {isa = PBXBuildFile; fileRef = BD41350418599F940090C605 /* AVFoundation.framework */; };
		BD41350718599FAC0090C605 /* AudioToolbox.framework in Frameworks */ = {isa = PBXBuildFile; fileRef = BD41350618599FAC0090C605 /* AudioToolbox.framework */; };
		BD41350C1859A9F60090C605 /* DsMusicControl.xib in Resources */ = {isa = PBXBuildFile; fileRef = BD41350B1859A9F60090C605 /* DsMusicControl.xib */; };
		BD41350F1859ADE30090C605 /* DsMusicControll.m in Sources */ = {isa = PBXBuildFile; fileRef = BD41350E1859ADE30090C605 /* DsMusicControll.m */; };
		BD413512185AB4420090C605 /* DsWebViewController.m in Sources */ = {isa = PBXBuildFile; fileRef = BD413511185AB4420090C605 /* DsWebViewController.m */; };
		BD413518185ADFE40090C605 /* DsPaperController.m in Sources */ = {isa = PBXBuildFile; fileRef = BD413517185ADFE40090C605 /* DsPaperController.m */; };
		BD41351C185AF6440090C605 /* Settings.bundle in Resources */ = {isa = PBXBuildFile; fileRef = BD41351B185AF6440090C605 /* Settings.bundle */; };
		BD413537185C34140090C605 /* UIImage+iPhone5.m in Sources */ = {isa = PBXBuildFile; fileRef = BD413536185C34140090C605 /* UIImage+iPhone5.m */; };
		BD413542185C34450090C605 /* back6.png in Resources */ = {isa = PBXBuildFile; fileRef = BD413538185C34450090C605 /* back6.png */; };
		BD413543185C34450090C605 /* back6@2x.png in Resources */ = {isa = PBXBuildFile; fileRef = BD413539185C34450090C605 /* back6@2x.png */; };
		BD413544185C34450090C605 /* menubar-7.png in Resources */ = {isa = PBXBuildFile; fileRef = BD41353A185C34450090C605 /* menubar-7.png */; };
		BD413545185C34450090C605 /* menubar-7@2x.png in Resources */ = {isa = PBXBuildFile; fileRef = BD41353B185C34450090C605 /* menubar-7@2x.png */; };
		BD413546185C34450090C605 /* menubar-button-7.png in Resources */ = {isa = PBXBuildFile; fileRef = BD41353C185C34450090C605 /* menubar-button-7.png */; };
		BD413547185C34450090C605 /* menubar-button-7@2x.png in Resources */ = {isa = PBXBuildFile; fileRef = BD41353D185C34450090C605 /* menubar-button-7@2x.png */; };
		BD413548185C34450090C605 /* menubar-button.png in Resources */ = {isa = PBXBuildFile; fileRef = BD41353E185C34450090C605 /* menubar-button.png */; };
		BD413549185C34450090C605 /* menubar-button@2x.png in Resources */ = {isa = PBXBuildFile; fileRef = BD41353F185C34450090C605 /* menubar-button@2x.png */; };
		BD41354A185C34450090C605 /* menubar.png in Resources */ = {isa = PBXBuildFile; fileRef = BD413540185C34450090C605 /* menubar.png */; };
		BD41354B185C34450090C605 /* menubar@2x.png in Resources */ = {isa = PBXBuildFile; fileRef = BD413541185C34450090C605 /* menubar@2x.png */; };
		BD41354F185C346E0090C605 /* Utils.m in Sources */ = {isa = PBXBuildFile; fileRef = BD41354E185C346E0090C605 /* Utils.m */; };
		BD413552185C36420090C605 /* list-item-bg.png in Resources */ = {isa = PBXBuildFile; fileRef = BD413550185C36420090C605 /* list-item-bg.png */; };
		BD413553185C36420090C605 /* list-item-bg@2x.png in Resources */ = {isa = PBXBuildFile; fileRef = BD413551185C36420090C605 /* list-item-bg@2x.png */; };
		BD413555185C3E610090C605 /* Images.xcassets in Resources */ = {isa = PBXBuildFile; fileRef = BD413554185C3E610090C605 /* Images.xcassets */; };
		BD413558185C41340090C605 /* tabbar.png in Resources */ = {isa = PBXBuildFile; fileRef = BD413556185C41340090C605 /* tabbar.png */; };
		BD413559185C41340090C605 /* tabbar@2x.png in Resources */ = {isa = PBXBuildFile; fileRef = BD413557185C41340090C605 /* tabbar@2x.png */; };
		BD652AD4187A63B0005FB4C3 /* piano.sf2 in Resources */ = {isa = PBXBuildFile; fileRef = BD652AD3187A63B0005FB4C3 /* piano.sf2 */; };
		BD652AD8187AB284005FB4C3 /* libz.1.1.3.dylib in Frameworks */ = {isa = PBXBuildFile; fileRef = BD652AD7187AB284005FB4C3 /* libz.1.1.3.dylib */; };
		BD652ADA187AB2A4005FB4C3 /* libsqlite3.dylib in Frameworks */ = {isa = PBXBuildFile; fileRef = BD652AD9187AB2A4005FB4C3 /* libsqlite3.dylib */; };
		BD652AE0187AB2FD005FB4C3 /* Accounts.framework in Frameworks */ = {isa = PBXBuildFile; fileRef = BD652ADF187AB2FD005FB4C3 /* Accounts.framework */; };
		BD652AE4187AB345005FB4C3 /* CFNetwork.framework in Frameworks */ = {isa = PBXBuildFile; fileRef = BD652AE3187AB345005FB4C3 /* CFNetwork.framework */; };
		BD652AE8187AB372005FB4C3 /* SystemConfiguration.framework in Frameworks */ = {isa = PBXBuildFile; fileRef = BD652AE7187AB372005FB4C3 /* SystemConfiguration.framework */; };
		BD652AEE187ABA09005FB4C3 /* MobileCoreServices.framework in Frameworks */ = {isa = PBXBuildFile; fileRef = BD652AED187ABA09005FB4C3 /* MobileCoreServices.framework */; };
		BD652AF1187AD7C8005FB4C3 /* FacebookSDK.framework in Frameworks */ = {isa = PBXBuildFile; fileRef = BD652AEF187AD7C8005FB4C3 /* FacebookSDK.framework */; };
		BD652AF2187AD7C8005FB4C3 /* Parse.framework in Frameworks */ = {isa = PBXBuildFile; fileRef = BD652AF0187AD7C8005FB4C3 /* Parse.framework */; };
		BDF68F611877CD1400D3EDF3 /* duosuccess-Info.plist in Resources */ = {isa = PBXBuildFile; fileRef = BDF68F601877CD1400D3EDF3 /* duosuccess-Info.plist */; };
		BDF68F661877D04B00D3EDF3 /* Localizable.strings in Resources */ = {isa = PBXBuildFile; fileRef = BDF68F681877D04B00D3EDF3 /* Localizable.strings */; };
		BDF68F6C1877E70C00D3EDF3 /* InfoPlist.strings in Resources */ = {isa = PBXBuildFile; fileRef = BDF68F6E1877E70C00D3EDF3 /* InfoPlist.strings */; };
/* End PBXBuildFile section */

/* Begin PBXContainerItemProxy section */
		BD0286BB185736030043EFE6 /* PBXContainerItemProxy */ = {
			isa = PBXContainerItemProxy;
			containerPortal = BD02868D185736020043EFE6 /* Project object */;
			proxyType = 1;
			remoteGlobalIDString = BD028694185736020043EFE6;
			remoteInfo = duosuccess;
		};
/* End PBXContainerItemProxy section */

/* Begin PBXFileReference section */
		4FF869E605474407BBC336D0 /* Pods.xcconfig */ = {isa = PBXFileReference; includeInIndex = 1; lastKnownFileType = text.xcconfig; name = Pods.xcconfig; path = Pods/Pods.xcconfig; sourceTree = "<group>"; };
		BD028695185736020043EFE6 /* duosuccess.app */ = {isa = PBXFileReference; explicitFileType = wrapper.application; includeInIndex = 0; path = duosuccess.app; sourceTree = BUILT_PRODUCTS_DIR; };
		BD028698185736020043EFE6 /* Foundation.framework */ = {isa = PBXFileReference; lastKnownFileType = wrapper.framework; name = Foundation.framework; path = System/Library/Frameworks/Foundation.framework; sourceTree = SDKROOT; };
		BD02869A185736020043EFE6 /* CoreGraphics.framework */ = {isa = PBXFileReference; lastKnownFileType = wrapper.framework; name = CoreGraphics.framework; path = System/Library/Frameworks/CoreGraphics.framework; sourceTree = SDKROOT; };
		BD02869C185736020043EFE6 /* UIKit.framework */ = {isa = PBXFileReference; lastKnownFileType = wrapper.framework; name = UIKit.framework; path = System/Library/Frameworks/UIKit.framework; sourceTree = SDKROOT; };
		BD02869E185736020043EFE6 /* CoreData.framework */ = {isa = PBXFileReference; lastKnownFileType = wrapper.framework; name = CoreData.framework; path = System/Library/Frameworks/CoreData.framework; sourceTree = SDKROOT; };
		BD0286A6185736030043EFE6 /* main.m */ = {isa = PBXFileReference; lastKnownFileType = sourcecode.c.objc; path = main.m; sourceTree = "<group>"; };
		BD0286A8185736030043EFE6 /* duosuccess-Prefix.pch */ = {isa = PBXFileReference; lastKnownFileType = sourcecode.c.h; path = "duosuccess-Prefix.pch"; sourceTree = "<group>"; };
		BD0286A9185736030043EFE6 /* DsAppDelegate.h */ = {isa = PBXFileReference; lastKnownFileType = sourcecode.c.h; path = DsAppDelegate.h; sourceTree = "<group>"; };
		BD0286AA185736030043EFE6 /* DsAppDelegate.m */ = {isa = PBXFileReference; lastKnownFileType = sourcecode.c.objc; path = DsAppDelegate.m; sourceTree = "<group>"; };
		BD0286AD185736030043EFE6 /* duosuccess.xcdatamodel */ = {isa = PBXFileReference; lastKnownFileType = wrapper.xcdatamodel; path = duosuccess.xcdatamodel; sourceTree = "<group>"; };
		BD0286B5185736030043EFE6 /* duosuccessTests.xctest */ = {isa = PBXFileReference; explicitFileType = wrapper.cfbundle; includeInIndex = 0; path = duosuccessTests.xctest; sourceTree = BUILT_PRODUCTS_DIR; };
		BD0286B6185736030043EFE6 /* XCTest.framework */ = {isa = PBXFileReference; lastKnownFileType = wrapper.framework; name = XCTest.framework; path = Library/Frameworks/XCTest.framework; sourceTree = DEVELOPER_DIR; };
		BD0286BF185736030043EFE6 /* duosuccessTests-Info.plist */ = {isa = PBXFileReference; lastKnownFileType = text.plist.xml; path = "duosuccessTests-Info.plist"; sourceTree = "<group>"; };
		BD0286C1185736030043EFE6 /* en */ = {isa = PBXFileReference; lastKnownFileType = text.plist.strings; name = en; path = en.lproj/InfoPlist.strings; sourceTree = "<group>"; };
		BD0286C3185736030043EFE6 /* duosuccessTests.m */ = {isa = PBXFileReference; lastKnownFileType = sourcecode.c.objc; path = duosuccessTests.m; sourceTree = "<group>"; };
		BD138ABC187D06A0002F577B /* UIColor+Hex.h */ = {isa = PBXFileReference; fileEncoding = 4; lastKnownFileType = sourcecode.c.h; path = "UIColor+Hex.h"; sourceTree = "<group>"; };
		BD138ABD187D06A0002F577B /* UIColor+Hex.m */ = {isa = PBXFileReference; fileEncoding = 4; lastKnownFileType = sourcecode.c.objc; path = "UIColor+Hex.m"; sourceTree = "<group>"; };
		BD138ABF187D2FA2002F577B /* dmenubar-7@2x.png */ = {isa = PBXFileReference; lastKnownFileType = image.png; path = "dmenubar-7@2x.png"; sourceTree = "<group>"; };
		BD138AC0187D2FA2002F577B /* dmenubar@2x.png */ = {isa = PBXFileReference; lastKnownFileType = image.png; path = "dmenubar@2x.png"; sourceTree = "<group>"; };
		BD138AC1187D2FA2002F577B /* dtabbar@2x.png */ = {isa = PBXFileReference; lastKnownFileType = image.png; path = "dtabbar@2x.png"; sourceTree = "<group>"; };
		BD138AC5187D31E3002F577B /* dlist_bullets_icon&48.png */ = {isa = PBXFileReference; lastKnownFileType = image.png; path = "dlist_bullets_icon&48.png"; sourceTree = "<group>"; };
		BD138AC9187E446A002F577B /* DsArticleHelper.h */ = {isa = PBXFileReference; fileEncoding = 4; lastKnownFileType = sourcecode.c.h; path = DsArticleHelper.h; sourceTree = "<group>"; };
		BD138ACA187E446A002F577B /* DsArticleHelper.m */ = {isa = PBXFileReference; fileEncoding = 4; lastKnownFileType = sourcecode.c.objc; path = DsArticleHelper.m; sourceTree = "<group>"; };
		BD138ACC187E6BC6002F577B /* DsMask.h */ = {isa = PBXFileReference; fileEncoding = 4; lastKnownFileType = sourcecode.c.h; path = DsMask.h; sourceTree = "<group>"; };
		BD138ACD187E6BC6002F577B /* DsMask.m */ = {isa = PBXFileReference; fileEncoding = 4; lastKnownFileType = sourcecode.c.objc; path = DsMask.m; sourceTree = "<group>"; };
		BD3449DC1866F227005357D6 /* DsNotificationReceiver.h */ = {isa = PBXFileReference; fileEncoding = 4; lastKnownFileType = sourcecode.c.h; path = DsNotificationReceiver.h; sourceTree = "<group>"; };
		BD3449DD1866F227005357D6 /* DsNotificationReceiver.m */ = {isa = PBXFileReference; fileEncoding = 4; lastKnownFileType = sourcecode.c.objc; path = DsNotificationReceiver.m; sourceTree = "<group>"; };
		BD3449DF186734F7005357D6 /* DsLangProtocol.h */ = {isa = PBXFileReference; lastKnownFileType = sourcecode.c.h; path = DsLangProtocol.h; sourceTree = "<group>"; };
		BD3449E318687A3D005357D6 /* DsConst.h */ = {isa = PBXFileReference; fileEncoding = 4; lastKnownFileType = sourcecode.c.h; path = DsConst.h; sourceTree = "<group>"; };
		BD3449E418687A3D005357D6 /* DsConst.m */ = {isa = PBXFileReference; fileEncoding = 4; lastKnownFileType = sourcecode.c.objc; path = DsConst.m; sourceTree = "<group>"; };
		BD3449E918696676005357D6 /* DsListViewController.h */ = {isa = PBXFileReference; fileEncoding = 4; lastKnownFileType = sourcecode.c.h; path = DsListViewController.h; sourceTree = "<group>"; };
		BD3449EA18696676005357D6 /* DsListViewController.m */ = {isa = PBXFileReference; fileEncoding = 4; lastKnownFileType = sourcecode.c.objc; path = DsListViewController.m; sourceTree = "<group>"; };
		BD3449EF1869781E005357D6 /* DsMainListImpl.h */ = {isa = PBXFileReference; fileEncoding = 4; lastKnownFileType = sourcecode.c.h; path = DsMainListImpl.h; sourceTree = "<group>"; };
		BD3449F01869781E005357D6 /* DsMainListImpl.m */ = {isa = PBXFileReference; fileEncoding = 4; lastKnownFileType = sourcecode.c.objc; path = DsMainListImpl.m; sourceTree = "<group>"; };
		BD3449F21869782B005357D6 /* DsCategoryListImpl.h */ = {isa = PBXFileReference; fileEncoding = 4; lastKnownFileType = sourcecode.c.h; path = DsCategoryListImpl.h; sourceTree = "<group>"; };
		BD3449F31869782B005357D6 /* DsCategoryListImpl.m */ = {isa = PBXFileReference; fileEncoding = 4; lastKnownFileType = sourcecode.c.objc; path = DsCategoryListImpl.m; sourceTree = "<group>"; };
		BD3A1C761873140C00CD69FB /* DsFileStore.h */ = {isa = PBXFileReference; fileEncoding = 4; lastKnownFileType = sourcecode.c.h; path = DsFileStore.h; sourceTree = "<group>"; };
		BD3A1C771873140C00CD69FB /* DsFileStore.m */ = {isa = PBXFileReference; fileEncoding = 4; lastKnownFileType = sourcecode.c.objc; path = DsFileStore.m; sourceTree = "<group>"; };
		BD3A1C791873CFF300CD69FB /* DsEventStore.h */ = {isa = PBXFileReference; fileEncoding = 4; lastKnownFileType = sourcecode.c.h; path = DsEventStore.h; sourceTree = "<group>"; };
		BD3A1C7A1873CFF300CD69FB /* DsEventStore.m */ = {isa = PBXFileReference; fileEncoding = 4; lastKnownFileType = sourcecode.c.objc; path = DsEventStore.m; sourceTree = "<group>"; };
		BD41347318573AC40090C605 /* DsDataStore.h */ = {isa = PBXFileReference; fileEncoding = 4; lastKnownFileType = sourcecode.c.h; path = DsDataStore.h; sourceTree = "<group>"; };
		BD41347418573AC40090C605 /* DsDataStore.m */ = {isa = PBXFileReference; fileEncoding = 4; lastKnownFileType = sourcecode.c.objc; path = DsDataStore.m; sourceTree = "<group>"; };
		BD41348B18574C350090C605 /* DsCategory.h */ = {isa = PBXFileReference; fileEncoding = 4; lastKnownFileType = sourcecode.c.h; path = DsCategory.h; sourceTree = "<group>"; };
		BD41348C18574C350090C605 /* DsCategory.m */ = {isa = PBXFileReference; fileEncoding = 4; lastKnownFileType = sourcecode.c.objc; path = DsCategory.m; sourceTree = "<group>"; };
		BD41348E18574E3A0090C605 /* DsArticle.h */ = {isa = PBXFileReference; fileEncoding = 4; lastKnownFileType = sourcecode.c.h; path = DsArticle.h; sourceTree = "<group>"; };
		BD41348F18574E3A0090C605 /* DsArticle.m */ = {isa = PBXFileReference; fileEncoding = 4; lastKnownFileType = sourcecode.c.objc; path = DsArticle.m; sourceTree = "<group>"; };
		BD41349118574E770090C605 /* DsLang.h */ = {isa = PBXFileReference; fileEncoding = 4; lastKnownFileType = sourcecode.c.h; path = DsLang.h; sourceTree = "<group>"; };
		BD41349218574E770090C605 /* DsLang.m */ = {isa = PBXFileReference; fileEncoding = 4; lastKnownFileType = sourcecode.c.objc; path = DsLang.m; sourceTree = "<group>"; };
		BD41349418575AD80090C605 /* MainIphone.storyboard */ = {isa = PBXFileReference; fileEncoding = 4; lastKnownFileType = file.storyboard; path = MainIphone.storyboard; sourceTree = "<group>"; };
		BD41349618575C590090C605 /* DsRootViewController.h */ = {isa = PBXFileReference; fileEncoding = 4; lastKnownFileType = sourcecode.c.h; path = DsRootViewController.h; sourceTree = "<group>"; };
		BD41349718575C590090C605 /* DsRootViewController.m */ = {isa = PBXFileReference; fileEncoding = 4; lastKnownFileType = sourcecode.c.objc; path = DsRootViewController.m; sourceTree = "<group>"; };
		BD41349918575C850090C605 /* DsMenuViewController.h */ = {isa = PBXFileReference; fileEncoding = 4; lastKnownFileType = sourcecode.c.h; path = DsMenuViewController.h; sourceTree = "<group>"; };
		BD41349A18575C850090C605 /* DsMenuViewController.m */ = {isa = PBXFileReference; fileEncoding = 4; lastKnownFileType = sourcecode.c.objc; path = DsMenuViewController.m; sourceTree = "<group>"; };
		BD4134A01858157D0090C605 /* IntroControll.h */ = {isa = PBXFileReference; fileEncoding = 4; lastKnownFileType = sourcecode.c.h; path = IntroControll.h; sourceTree = "<group>"; };
		BD4134A11858157D0090C605 /* IntroControll.m */ = {isa = PBXFileReference; fileEncoding = 4; lastKnownFileType = sourcecode.c.objc; path = IntroControll.m; sourceTree = "<group>"; };
		BD4134A21858157D0090C605 /* IntroModel.h */ = {isa = PBXFileReference; fileEncoding = 4; lastKnownFileType = sourcecode.c.h; path = IntroModel.h; sourceTree = "<group>"; };
		BD4134A31858157D0090C605 /* IntroModel.m */ = {isa = PBXFileReference; fileEncoding = 4; lastKnownFileType = sourcecode.c.objc; path = IntroModel.m; sourceTree = "<group>"; };
		BD4134A41858157D0090C605 /* IntroView.h */ = {isa = PBXFileReference; fileEncoding = 4; lastKnownFileType = sourcecode.c.h; path = IntroView.h; sourceTree = "<group>"; };
		BD4134A51858157D0090C605 /* IntroView.m */ = {isa = PBXFileReference; fileEncoding = 4; lastKnownFileType = sourcecode.c.objc; path = IntroView.m; sourceTree = "<group>"; };
		BD4134A9185816D80090C605 /* DsTableCell.xib */ = {isa = PBXFileReference; fileEncoding = 4; lastKnownFileType = file.xib; path = DsTableCell.xib; sourceTree = "<group>"; };
		BD4134AB18581A350090C605 /* DsTableCell.h */ = {isa = PBXFileReference; fileEncoding = 4; lastKnownFileType = sourcecode.c.h; path = DsTableCell.h; sourceTree = "<group>"; };
		BD4134AC18581A350090C605 /* DsTableCell.m */ = {isa = PBXFileReference; fileEncoding = 4; lastKnownFileType = sourcecode.c.objc; path = DsTableCell.m; sourceTree = "<group>"; };
		BD4134B01858533C0090C605 /* DsArticleViewController.h */ = {isa = PBXFileReference; fileEncoding = 4; lastKnownFileType = sourcecode.c.h; path = DsArticleViewController.h; sourceTree = "<group>"; };
		BD4134B11858533C0090C605 /* DsArticleViewController.m */ = {isa = PBXFileReference; fileEncoding = 4; lastKnownFileType = sourcecode.c.objc; path = DsArticleViewController.m; sourceTree = "<group>"; };
		BD4134B318585D020090C605 /* DsIntroViewController.h */ = {isa = PBXFileReference; fileEncoding = 4; lastKnownFileType = sourcecode.c.h; path = DsIntroViewController.h; sourceTree = "<group>"; };
		BD4134B418585D020090C605 /* DsIntroViewController.m */ = {isa = PBXFileReference; fileEncoding = 4; lastKnownFileType = sourcecode.c.objc; path = DsIntroViewController.m; sourceTree = "<group>"; };
		BD4134B6185885420090C605 /* DsInstConfrim.xib */ = {isa = PBXFileReference; fileEncoding = 4; lastKnownFileType = file.xib; path = DsInstConfrim.xib; sourceTree = "<group>"; };
		BD4134B8185888110090C605 /* DsInstConfirm.h */ = {isa = PBXFileReference; fileEncoding = 4; lastKnownFileType = sourcecode.c.h; path = DsInstConfirm.h; sourceTree = "<group>"; };
		BD4134B9185888110090C605 /* DsInstConfirm.m */ = {isa = PBXFileReference; fileEncoding = 4; lastKnownFileType = sourcecode.c.objc; path = DsInstConfirm.m; sourceTree = "<group>"; };
		BD4134C118596DF30090C605 /* LICENSE */ = {isa = PBXFileReference; fileEncoding = 4; lastKnownFileType = text; path = LICENSE; sourceTree = "<group>"; };
		BD4134C218596DF30090C605 /* Readme.markdown */ = {isa = PBXFileReference; fileEncoding = 4; lastKnownFileType = text; path = Readme.markdown; sourceTree = "<group>"; };
		BD4134C418596DF30090C605 /* SAMWebView-action-button-mini.png */ = {isa = PBXFileReference; lastKnownFileType = image.png; path = "SAMWebView-action-button-mini.png"; sourceTree = "<group>"; };
		BD4134C518596DF30090C605 /* SAMWebView-action-button-mini@2x.png */ = {isa = PBXFileReference; lastKnownFileType = image.png; path = "SAMWebView-action-button-mini@2x.png"; sourceTree = "<group>"; };
		BD4134C618596DF30090C605 /* SAMWebView-action-button.png */ = {isa = PBXFileReference; lastKnownFileType = image.png; path = "SAMWebView-action-button.png"; sourceTree = "<group>"; };
		BD4134C718596DF30090C605 /* SAMWebView-action-button@2x.png */ = {isa = PBXFileReference; lastKnownFileType = image.png; path = "SAMWebView-action-button@2x.png"; sourceTree = "<group>"; };
		BD4134C818596DF30090C605 /* SAMWebView-back-button-mini.png */ = {isa = PBXFileReference; lastKnownFileType = image.png; path = "SAMWebView-back-button-mini.png"; sourceTree = "<group>"; };
		BD4134C918596DF30090C605 /* SAMWebView-back-button-mini@2x.png */ = {isa = PBXFileReference; lastKnownFileType = image.png; path = "SAMWebView-back-button-mini@2x.png"; sourceTree = "<group>"; };
		BD4134CA18596DF30090C605 /* SAMWebView-back-button.png */ = {isa = PBXFileReference; lastKnownFileType = image.png; path = "SAMWebView-back-button.png"; sourceTree = "<group>"; };
		BD4134CB18596DF30090C605 /* SAMWebView-back-button@2x.png */ = {isa = PBXFileReference; lastKnownFileType = image.png; path = "SAMWebView-back-button@2x.png"; sourceTree = "<group>"; };
		BD4134CC18596DF30090C605 /* SAMWebView-forward-button-mini.png */ = {isa = PBXFileReference; lastKnownFileType = image.png; path = "SAMWebView-forward-button-mini.png"; sourceTree = "<group>"; };
		BD4134CD18596DF30090C605 /* SAMWebView-forward-button-mini@2x.png */ = {isa = PBXFileReference; lastKnownFileType = image.png; path = "SAMWebView-forward-button-mini@2x.png"; sourceTree = "<group>"; };
		BD4134CE18596DF30090C605 /* SAMWebView-forward-button.png */ = {isa = PBXFileReference; lastKnownFileType = image.png; path = "SAMWebView-forward-button.png"; sourceTree = "<group>"; };
		BD4134CF18596DF30090C605 /* SAMWebView-forward-button@2x.png */ = {isa = PBXFileReference; lastKnownFileType = image.png; path = "SAMWebView-forward-button@2x.png"; sourceTree = "<group>"; };
		BD4134D018596DF30090C605 /* SAMWebView-reload-button-mini.png */ = {isa = PBXFileReference; lastKnownFileType = image.png; path = "SAMWebView-reload-button-mini.png"; sourceTree = "<group>"; };
		BD4134D118596DF30090C605 /* SAMWebView-reload-button-mini@2x.png */ = {isa = PBXFileReference; lastKnownFileType = image.png; path = "SAMWebView-reload-button-mini@2x.png"; sourceTree = "<group>"; };
		BD4134D218596DF30090C605 /* SAMWebView-reload-button.png */ = {isa = PBXFileReference; lastKnownFileType = image.png; path = "SAMWebView-reload-button.png"; sourceTree = "<group>"; };
		BD4134D318596DF30090C605 /* SAMWebView-reload-button@2x.png */ = {isa = PBXFileReference; lastKnownFileType = image.png; path = "SAMWebView-reload-button@2x.png"; sourceTree = "<group>"; };
		BD4134D418596DF30090C605 /* SAMWebView-safari-button-mini.png */ = {isa = PBXFileReference; lastKnownFileType = image.png; path = "SAMWebView-safari-button-mini.png"; sourceTree = "<group>"; };
		BD4134D518596DF30090C605 /* SAMWebView-safari-button-mini@2x.png */ = {isa = PBXFileReference; lastKnownFileType = image.png; path = "SAMWebView-safari-button-mini@2x.png"; sourceTree = "<group>"; };
		BD4134D618596DF30090C605 /* SAMWebView-safari-button.png */ = {isa = PBXFileReference; lastKnownFileType = image.png; path = "SAMWebView-safari-button.png"; sourceTree = "<group>"; };
		BD4134D718596DF30090C605 /* SAMWebView-safari-button@2x.png */ = {isa = PBXFileReference; lastKnownFileType = image.png; path = "SAMWebView-safari-button@2x.png"; sourceTree = "<group>"; };
		BD4134D818596DF30090C605 /* SAMWebView-stop-button-mini.png */ = {isa = PBXFileReference; lastKnownFileType = image.png; path = "SAMWebView-stop-button-mini.png"; sourceTree = "<group>"; };
		BD4134D918596DF30090C605 /* SAMWebView-stop-button-mini@2x.png */ = {isa = PBXFileReference; lastKnownFileType = image.png; path = "SAMWebView-stop-button-mini@2x.png"; sourceTree = "<group>"; };
		BD4134DA18596DF30090C605 /* SAMWebView-stop-button.png */ = {isa = PBXFileReference; lastKnownFileType = image.png; path = "SAMWebView-stop-button.png"; sourceTree = "<group>"; };
		BD4134DB18596DF30090C605 /* SAMWebView-stop-button@2x.png */ = {isa = PBXFileReference; lastKnownFileType = image.png; path = "SAMWebView-stop-button@2x.png"; sourceTree = "<group>"; };
		BD4134DD18596DF30090C605 /* SAMWebView.h */ = {isa = PBXFileReference; fileEncoding = 4; lastKnownFileType = sourcecode.c.h; path = SAMWebView.h; sourceTree = "<group>"; };
		BD4134DE18596DF30090C605 /* SAMWebView.m */ = {isa = PBXFileReference; fileEncoding = 4; lastKnownFileType = sourcecode.c.objc; path = SAMWebView.m; sourceTree = "<group>"; };
		BD4134DF18596DF30090C605 /* SAMWebViewController.h */ = {isa = PBXFileReference; fileEncoding = 4; lastKnownFileType = sourcecode.c.h; path = SAMWebViewController.h; sourceTree = "<group>"; };
		BD4134E018596DF30090C605 /* SAMWebViewController.m */ = {isa = PBXFileReference; fileEncoding = 4; lastKnownFileType = sourcecode.c.objc; path = SAMWebViewController.m; sourceTree = "<group>"; };
		BD4134FD185981310090C605 /* MessageUI.framework */ = {isa = PBXFileReference; lastKnownFileType = wrapper.framework; name = MessageUI.framework; path = System/Library/Frameworks/MessageUI.framework; sourceTree = SDKROOT; };
		BD4134FF18599F250090C605 /* DsMusicPlayer.h */ = {isa = PBXFileReference; fileEncoding = 4; lastKnownFileType = sourcecode.c.h; path = DsMusicPlayer.h; sourceTree = "<group>"; };
		BD41350018599F250090C605 /* DsMusicPlayer.m */ = {isa = PBXFileReference; fileEncoding = 4; lastKnownFileType = sourcecode.c.objc; path = DsMusicPlayer.m; sourceTree = "<group>"; };
		BD41350218599F8C0090C605 /* CoreAudio.framework */ = {isa = PBXFileReference; lastKnownFileType = wrapper.framework; name = CoreAudio.framework; path = System/Library/Frameworks/CoreAudio.framework; sourceTree = SDKROOT; };
		BD41350418599F940090C605 /* AVFoundation.framework */ = {isa = PBXFileReference; lastKnownFileType = wrapper.framework; name = AVFoundation.framework; path = System/Library/Frameworks/AVFoundation.framework; sourceTree = SDKROOT; };
		BD41350618599FAC0090C605 /* AudioToolbox.framework */ = {isa = PBXFileReference; lastKnownFileType = wrapper.framework; name = AudioToolbox.framework; path = System/Library/Frameworks/AudioToolbox.framework; sourceTree = SDKROOT; };
		BD41350B1859A9F60090C605 /* DsMusicControl.xib */ = {isa = PBXFileReference; fileEncoding = 4; lastKnownFileType = file.xib; path = DsMusicControl.xib; sourceTree = "<group>"; };
		BD41350D1859ADE30090C605 /* DsMusicControll.h */ = {isa = PBXFileReference; fileEncoding = 4; lastKnownFileType = sourcecode.c.h; path = DsMusicControll.h; sourceTree = "<group>"; };
		BD41350E1859ADE30090C605 /* DsMusicControll.m */ = {isa = PBXFileReference; fileEncoding = 4; lastKnownFileType = sourcecode.c.objc; path = DsMusicControll.m; sourceTree = "<group>"; };
		BD413510185AB4420090C605 /* DsWebViewController.h */ = {isa = PBXFileReference; fileEncoding = 4; lastKnownFileType = sourcecode.c.h; path = DsWebViewController.h; sourceTree = "<group>"; };
		BD413511185AB4420090C605 /* DsWebViewController.m */ = {isa = PBXFileReference; fileEncoding = 4; lastKnownFileType = sourcecode.c.objc; path = DsWebViewController.m; sourceTree = "<group>"; };
		BD413516185ADFE40090C605 /* DsPaperController.h */ = {isa = PBXFileReference; fileEncoding = 4; lastKnownFileType = sourcecode.c.h; path = DsPaperController.h; sourceTree = "<group>"; };
		BD413517185ADFE40090C605 /* DsPaperController.m */ = {isa = PBXFileReference; fileEncoding = 4; lastKnownFileType = sourcecode.c.objc; path = DsPaperController.m; sourceTree = "<group>"; };
		BD41351B185AF6440090C605 /* Settings.bundle */ = {isa = PBXFileReference; lastKnownFileType = "wrapper.plug-in"; path = Settings.bundle; sourceTree = "<group>"; };
		BD413535185C34140090C605 /* UIImage+iPhone5.h */ = {isa = PBXFileReference; fileEncoding = 4; lastKnownFileType = sourcecode.c.h; path = "UIImage+iPhone5.h"; sourceTree = "<group>"; };
		BD413536185C34140090C605 /* UIImage+iPhone5.m */ = {isa = PBXFileReference; fileEncoding = 4; lastKnownFileType = sourcecode.c.objc; path = "UIImage+iPhone5.m"; sourceTree = "<group>"; };
		BD413538185C34450090C605 /* back6.png */ = {isa = PBXFileReference; lastKnownFileType = image.png; path = back6.png; sourceTree = "<group>"; };
		BD413539185C34450090C605 /* back6@2x.png */ = {isa = PBXFileReference; lastKnownFileType = image.png; path = "back6@2x.png"; sourceTree = "<group>"; };
		BD41353A185C34450090C605 /* menubar-7.png */ = {isa = PBXFileReference; lastKnownFileType = image.png; path = "menubar-7.png"; sourceTree = "<group>"; };
		BD41353B185C34450090C605 /* menubar-7@2x.png */ = {isa = PBXFileReference; lastKnownFileType = image.png; path = "menubar-7@2x.png"; sourceTree = "<group>"; };
		BD41353C185C34450090C605 /* menubar-button-7.png */ = {isa = PBXFileReference; lastKnownFileType = image.png; path = "menubar-button-7.png"; sourceTree = "<group>"; };
		BD41353D185C34450090C605 /* menubar-button-7@2x.png */ = {isa = PBXFileReference; lastKnownFileType = image.png; path = "menubar-button-7@2x.png"; sourceTree = "<group>"; };
		BD41353E185C34450090C605 /* menubar-button.png */ = {isa = PBXFileReference; lastKnownFileType = image.png; path = "menubar-button.png"; sourceTree = "<group>"; };
		BD41353F185C34450090C605 /* menubar-button@2x.png */ = {isa = PBXFileReference; lastKnownFileType = image.png; path = "menubar-button@2x.png"; sourceTree = "<group>"; };
		BD413540185C34450090C605 /* menubar.png */ = {isa = PBXFileReference; lastKnownFileType = image.png; path = menubar.png; sourceTree = "<group>"; };
		BD413541185C34450090C605 /* menubar@2x.png */ = {isa = PBXFileReference; lastKnownFileType = image.png; path = "menubar@2x.png"; sourceTree = "<group>"; };
		BD41354D185C346E0090C605 /* Utils.h */ = {isa = PBXFileReference; fileEncoding = 4; lastKnownFileType = sourcecode.c.h; path = Utils.h; sourceTree = "<group>"; };
		BD41354E185C346E0090C605 /* Utils.m */ = {isa = PBXFileReference; fileEncoding = 4; lastKnownFileType = sourcecode.c.objc; path = Utils.m; sourceTree = "<group>"; };
		BD413550185C36420090C605 /* list-item-bg.png */ = {isa = PBXFileReference; lastKnownFileType = image.png; path = "list-item-bg.png"; sourceTree = "<group>"; };
		BD413551185C36420090C605 /* list-item-bg@2x.png */ = {isa = PBXFileReference; lastKnownFileType = image.png; path = "list-item-bg@2x.png"; sourceTree = "<group>"; };
		BD413554185C3E610090C605 /* Images.xcassets */ = {isa = PBXFileReference; lastKnownFileType = folder.assetcatalog; path = Images.xcassets; sourceTree = "<group>"; };
		BD413556185C41340090C605 /* tabbar.png */ = {isa = PBXFileReference; lastKnownFileType = image.png; path = tabbar.png; sourceTree = "<group>"; };
		BD413557185C41340090C605 /* tabbar@2x.png */ = {isa = PBXFileReference; lastKnownFileType = image.png; path = "tabbar@2x.png"; sourceTree = "<group>"; };
		BD652AD3187A63B0005FB4C3 /* piano.sf2 */ = {isa = PBXFileReference; lastKnownFileType = file; path = piano.sf2; sourceTree = "<group>"; };
		BD652AD5187AB25E005FB4C3 /* libbz2.dylib */ = {isa = PBXFileReference; lastKnownFileType = "compiled.mach-o.dylib"; name = libbz2.dylib; path = usr/lib/libbz2.dylib; sourceTree = SDKROOT; };
		BD652AD7187AB284005FB4C3 /* libz.1.1.3.dylib */ = {isa = PBXFileReference; lastKnownFileType = "compiled.mach-o.dylib"; name = libz.1.1.3.dylib; path = usr/lib/libz.1.1.3.dylib; sourceTree = SDKROOT; };
		BD652AD9187AB2A4005FB4C3 /* libsqlite3.dylib */ = {isa = PBXFileReference; lastKnownFileType = "compiled.mach-o.dylib"; name = libsqlite3.dylib; path = usr/lib/libsqlite3.dylib; sourceTree = SDKROOT; };
		BD652ADD187AB2E7005FB4C3 /* Social.framework */ = {isa = PBXFileReference; lastKnownFileType = wrapper.framework; name = Social.framework; path = System/Library/Frameworks/Social.framework; sourceTree = SDKROOT; };
		BD652ADF187AB2FD005FB4C3 /* Accounts.framework */ = {isa = PBXFileReference; lastKnownFileType = wrapper.framework; name = Accounts.framework; path = System/Library/Frameworks/Accounts.framework; sourceTree = SDKROOT; };
		BD652AE1187AB310005FB4C3 /* Security.framework */ = {isa = PBXFileReference; lastKnownFileType = wrapper.framework; name = Security.framework; path = System/Library/Frameworks/Security.framework; sourceTree = SDKROOT; };
		BD652AE3187AB345005FB4C3 /* CFNetwork.framework */ = {isa = PBXFileReference; lastKnownFileType = wrapper.framework; name = CFNetwork.framework; path = System/Library/Frameworks/CFNetwork.framework; sourceTree = SDKROOT; };
		BD652AE5187AB34D005FB4C3 /* StoreKit.framework */ = {isa = PBXFileReference; lastKnownFileType = wrapper.framework; name = StoreKit.framework; path = System/Library/Frameworks/StoreKit.framework; sourceTree = SDKROOT; };
		BD652AE7187AB372005FB4C3 /* SystemConfiguration.framework */ = {isa = PBXFileReference; lastKnownFileType = wrapper.framework; name = SystemConfiguration.framework; path = System/Library/Frameworks/SystemConfiguration.framework; sourceTree = SDKROOT; };
		BD652AED187ABA09005FB4C3 /* MobileCoreServices.framework */ = {isa = PBXFileReference; lastKnownFileType = wrapper.framework; name = MobileCoreServices.framework; path = System/Library/Frameworks/MobileCoreServices.framework; sourceTree = SDKROOT; };
		BD652AEF187AD7C8005FB4C3 /* FacebookSDK.framework */ = {isa = PBXFileReference; lastKnownFileType = wrapper.framework; name = FacebookSDK.framework; path = Frameworks/FacebookSDK.framework; sourceTree = "<group>"; };
		BD652AF0187AD7C8005FB4C3 /* Parse.framework */ = {isa = PBXFileReference; lastKnownFileType = wrapper.framework; name = Parse.framework; path = Frameworks/Parse.framework; sourceTree = "<group>"; };
		BDF68F601877CD1400D3EDF3 /* duosuccess-Info.plist */ = {isa = PBXFileReference; fileEncoding = 4; lastKnownFileType = text.plist.xml; path = "duosuccess-Info.plist"; sourceTree = "<group>"; };
		BDF68F631877CD6800D3EDF3 /* zh-Hant */ = {isa = PBXFileReference; lastKnownFileType = text.plist.strings; name = "zh-Hant"; path = "zh-Hant.lproj/InfoPlist.strings"; sourceTree = "<group>"; };
		BDF68F671877D04B00D3EDF3 /* en */ = {isa = PBXFileReference; lastKnownFileType = text.plist.strings; name = en; path = en.lproj/Localizable.strings; sourceTree = "<group>"; };
		BDF68F691877D05200D3EDF3 /* zh-Hant */ = {isa = PBXFileReference; lastKnownFileType = text.plist.strings; name = "zh-Hant"; path = "zh-Hant.lproj/Localizable.strings"; sourceTree = "<group>"; };
		BDF68F6D1877E70C00D3EDF3 /* en */ = {isa = PBXFileReference; lastKnownFileType = text.plist.strings; name = en; path = en.lproj/InfoPlist.strings; sourceTree = "<group>"; };
		BDF68F6F1877E71200D3EDF3 /* zh-Hant */ = {isa = PBXFileReference; lastKnownFileType = text.plist.strings; name = "zh-Hant"; path = "zh-Hant.lproj/InfoPlist.strings"; sourceTree = "<group>"; };
		BDF68F701878088300D3EDF3 /* zh-Hans */ = {isa = PBXFileReference; lastKnownFileType = text.plist.strings; name = "zh-Hans"; path = "zh-Hans.lproj/Localizable.strings"; sourceTree = "<group>"; };
		BDF68F711878088300D3EDF3 /* zh-Hans */ = {isa = PBXFileReference; lastKnownFileType = text.plist.strings; name = "zh-Hans"; path = "zh-Hans.lproj/InfoPlist.strings"; sourceTree = "<group>"; };
		BDF68F721878088300D3EDF3 /* zh-Hans */ = {isa = PBXFileReference; lastKnownFileType = text.plist.strings; name = "zh-Hans"; path = "zh-Hans.lproj/InfoPlist.strings"; sourceTree = "<group>"; };
		FCDE334FD0264AAB8A72094E /* libPods.a */ = {isa = PBXFileReference; explicitFileType = archive.ar; includeInIndex = 0; path = libPods.a; sourceTree = BUILT_PRODUCTS_DIR; };
/* End PBXFileReference section */

/* Begin PBXFrameworksBuildPhase section */
		BD028692185736020043EFE6 /* Frameworks */ = {
			isa = PBXFrameworksBuildPhase;
			buildActionMask = 2147483647;
			files = (
				BD652AEE187ABA09005FB4C3 /* MobileCoreServices.framework in Frameworks */,
				BD652AF1187AD7C8005FB4C3 /* FacebookSDK.framework in Frameworks */,
				BD652AE8187AB372005FB4C3 /* SystemConfiguration.framework in Frameworks */,
				BD652AE4187AB345005FB4C3 /* CFNetwork.framework in Frameworks */,
				BD652AE0187AB2FD005FB4C3 /* Accounts.framework in Frameworks */,
				BD652ADA187AB2A4005FB4C3 /* libsqlite3.dylib in Frameworks */,
				BD652AD8187AB284005FB4C3 /* libz.1.1.3.dylib in Frameworks */,
				BD41350718599FAC0090C605 /* AudioToolbox.framework in Frameworks */,
				BD41350518599F940090C605 /* AVFoundation.framework in Frameworks */,
				BD41350318599F8C0090C605 /* CoreAudio.framework in Frameworks */,
				BD4134FE185981310090C605 /* MessageUI.framework in Frameworks */,
				BD652AF2187AD7C8005FB4C3 /* Parse.framework in Frameworks */,
				BD02869B185736020043EFE6 /* CoreGraphics.framework in Frameworks */,
				BD02869F185736020043EFE6 /* CoreData.framework in Frameworks */,
				BD02869D185736020043EFE6 /* UIKit.framework in Frameworks */,
				BD028699185736020043EFE6 /* Foundation.framework in Frameworks */,
				65EA3C5E54EB4BAFA250D6D2 /* libPods.a in Frameworks */,
			);
			runOnlyForDeploymentPostprocessing = 0;
		};
		BD0286B2185736030043EFE6 /* Frameworks */ = {
			isa = PBXFrameworksBuildPhase;
			buildActionMask = 2147483647;
			files = (
				BD0286B7185736030043EFE6 /* XCTest.framework in Frameworks */,
				BD0286BA185736030043EFE6 /* CoreData.framework in Frameworks */,
				BD0286B9185736030043EFE6 /* UIKit.framework in Frameworks */,
				BD0286B8185736030043EFE6 /* Foundation.framework in Frameworks */,
			);
			runOnlyForDeploymentPostprocessing = 0;
		};
/* End PBXFrameworksBuildPhase section */

/* Begin PBXGroup section */
		BD02868C185736020043EFE6 = {
			isa = PBXGroup;
			children = (
				BD413532185C33C80090C605 /* Libraries */,
				BD4135081859A3D00090C605 /* Resources */,
				BD0286A0185736020043EFE6 /* duosuccess */,
				BD0286BD185736030043EFE6 /* duosuccessTests */,
				BD028697185736020043EFE6 /* Frameworks */,
				BD028696185736020043EFE6 /* Products */,
				4FF869E605474407BBC336D0 /* Pods.xcconfig */,
			);
			sourceTree = "<group>";
		};
		BD028696185736020043EFE6 /* Products */ = {
			isa = PBXGroup;
			children = (
				BD028695185736020043EFE6 /* duosuccess.app */,
				BD0286B5185736030043EFE6 /* duosuccessTests.xctest */,
			);
			name = Products;
			sourceTree = "<group>";
		};
		BD028697185736020043EFE6 /* Frameworks */ = {
			isa = PBXGroup;
			children = (
				BD652AEF187AD7C8005FB4C3 /* FacebookSDK.framework */,
				BD652AF0187AD7C8005FB4C3 /* Parse.framework */,
				BD652AED187ABA09005FB4C3 /* MobileCoreServices.framework */,
				BD652AE7187AB372005FB4C3 /* SystemConfiguration.framework */,
				BD652AE5187AB34D005FB4C3 /* StoreKit.framework */,
				BD652AE3187AB345005FB4C3 /* CFNetwork.framework */,
				BD652AE1187AB310005FB4C3 /* Security.framework */,
				BD652ADF187AB2FD005FB4C3 /* Accounts.framework */,
				BD652ADD187AB2E7005FB4C3 /* Social.framework */,
				BD652AD9187AB2A4005FB4C3 /* libsqlite3.dylib */,
				BD652AD7187AB284005FB4C3 /* libz.1.1.3.dylib */,
				BD652AD5187AB25E005FB4C3 /* libbz2.dylib */,
				BD41350618599FAC0090C605 /* AudioToolbox.framework */,
				BD41350418599F940090C605 /* AVFoundation.framework */,
				BD41350218599F8C0090C605 /* CoreAudio.framework */,
				BD4134FD185981310090C605 /* MessageUI.framework */,
				BD028698185736020043EFE6 /* Foundation.framework */,
				BD02869A185736020043EFE6 /* CoreGraphics.framework */,
				BD02869C185736020043EFE6 /* UIKit.framework */,
				BD02869E185736020043EFE6 /* CoreData.framework */,
				BD0286B6185736030043EFE6 /* XCTest.framework */,
				FCDE334FD0264AAB8A72094E /* libPods.a */,
			);
			name = Frameworks;
			sourceTree = "<group>";
		};
		BD0286A0185736020043EFE6 /* duosuccess */ = {
			isa = PBXGroup;
			children = (
				BD413554185C3E610090C605 /* Images.xcassets */,
				BD4134691857384F0090C605 /* ui */,
				BD413468185738460090C605 /* models */,
				BD413467185738400090C605 /* controllers */,
				BD0286A9185736030043EFE6 /* DsAppDelegate.h */,
				BD0286AA185736030043EFE6 /* DsAppDelegate.m */,
				BD0286A1185736020043EFE6 /* Supporting Files */,
			);
			path = duosuccess;
			sourceTree = "<group>";
		};
		BD0286A1185736020043EFE6 /* Supporting Files */ = {
			isa = PBXGroup;
			children = (
				BDF68F601877CD1400D3EDF3 /* duosuccess-Info.plist */,
				BD0286A6185736030043EFE6 /* main.m */,
				BD0286A8185736030043EFE6 /* duosuccess-Prefix.pch */,
				BD41351B185AF6440090C605 /* Settings.bundle */,
				BDF68F681877D04B00D3EDF3 /* Localizable.strings */,
				BDF68F6E1877E70C00D3EDF3 /* InfoPlist.strings */,
			);
			name = "Supporting Files";
			sourceTree = "<group>";
		};
		BD0286BD185736030043EFE6 /* duosuccessTests */ = {
			isa = PBXGroup;
			children = (
				BD0286C3185736030043EFE6 /* duosuccessTests.m */,
				BD0286BE185736030043EFE6 /* Supporting Files */,
			);
			path = duosuccessTests;
			sourceTree = "<group>";
		};
		BD0286BE185736030043EFE6 /* Supporting Files */ = {
			isa = PBXGroup;
			children = (
				BD0286BF185736030043EFE6 /* duosuccessTests-Info.plist */,
				BD0286C0185736030043EFE6 /* InfoPlist.strings */,
			);
			name = "Supporting Files";
			sourceTree = "<group>";
		};
		BD413467185738400090C605 /* controllers */ = {
			isa = PBXGroup;
			children = (
				BD41349618575C590090C605 /* DsRootViewController.h */,
				BD41349718575C590090C605 /* DsRootViewController.m */,
				BD41349918575C850090C605 /* DsMenuViewController.h */,
				BD41349A18575C850090C605 /* DsMenuViewController.m */,
				BD4134B01858533C0090C605 /* DsArticleViewController.h */,
				BD4134B11858533C0090C605 /* DsArticleViewController.m */,
				BD4134B318585D020090C605 /* DsIntroViewController.h */,
				BD4134B418585D020090C605 /* DsIntroViewController.m */,
				BD413510185AB4420090C605 /* DsWebViewController.h */,
				BD413511185AB4420090C605 /* DsWebViewController.m */,
				BD413516185ADFE40090C605 /* DsPaperController.h */,
				BD413517185ADFE40090C605 /* DsPaperController.m */,
				BD3449E918696676005357D6 /* DsListViewController.h */,
				BD3449EA18696676005357D6 /* DsListViewController.m */,
				BD3449EF1869781E005357D6 /* DsMainListImpl.h */,
				BD3449F01869781E005357D6 /* DsMainListImpl.m */,
				BD3449F21869782B005357D6 /* DsCategoryListImpl.h */,
				BD3449F31869782B005357D6 /* DsCategoryListImpl.m */,
			);
			name = controllers;
			sourceTree = "<group>";
		};
		BD413468185738460090C605 /* models */ = {
			isa = PBXGroup;
			children = (
				BD4134FF18599F250090C605 /* DsMusicPlayer.h */,
				BD41350018599F250090C605 /* DsMusicPlayer.m */,
				BD0286AC185736030043EFE6 /* duosuccess.xcdatamodeld */,
				BD41349118574E770090C605 /* DsLang.h */,
				BD41349218574E770090C605 /* DsLang.m */,
				BD41348E18574E3A0090C605 /* DsArticle.h */,
				BD41348F18574E3A0090C605 /* DsArticle.m */,
				BD41348B18574C350090C605 /* DsCategory.h */,
				BD41348C18574C350090C605 /* DsCategory.m */,
				BD41347318573AC40090C605 /* DsDataStore.h */,
				BD41347418573AC40090C605 /* DsDataStore.m */,
				BD3449DC1866F227005357D6 /* DsNotificationReceiver.h */,
				BD3449DD1866F227005357D6 /* DsNotificationReceiver.m */,
				BD3449DF186734F7005357D6 /* DsLangProtocol.h */,
				BD3449E318687A3D005357D6 /* DsConst.h */,
				BD3449E418687A3D005357D6 /* DsConst.m */,
				BD3A1C761873140C00CD69FB /* DsFileStore.h */,
				BD3A1C771873140C00CD69FB /* DsFileStore.m */,
				BD3A1C791873CFF300CD69FB /* DsEventStore.h */,
				BD3A1C7A1873CFF300CD69FB /* DsEventStore.m */,
				BD138AC9187E446A002F577B /* DsArticleHelper.h */,
				BD138ACA187E446A002F577B /* DsArticleHelper.m */,
			);
			name = models;
			sourceTree = "<group>";
		};
		BD4134691857384F0090C605 /* ui */ = {
			isa = PBXGroup;
			children = (
				BD41349418575AD80090C605 /* MainIphone.storyboard */,
				BD4134A9185816D80090C605 /* DsTableCell.xib */,
				BD4134AB18581A350090C605 /* DsTableCell.h */,
				BD4134AC18581A350090C605 /* DsTableCell.m */,
				BD4134B6185885420090C605 /* DsInstConfrim.xib */,
				BD4134B8185888110090C605 /* DsInstConfirm.h */,
				BD4134B9185888110090C605 /* DsInstConfirm.m */,
				BD41350B1859A9F60090C605 /* DsMusicControl.xib */,
				BD41350D1859ADE30090C605 /* DsMusicControll.h */,
				BD41350E1859ADE30090C605 /* DsMusicControll.m */,
				BD138ABC187D06A0002F577B /* UIColor+Hex.h */,
				BD138ABD187D06A0002F577B /* UIColor+Hex.m */,
				BD138ACC187E6BC6002F577B /* DsMask.h */,
				BD138ACD187E6BC6002F577B /* DsMask.m */,
			);
			name = ui;
			sourceTree = "<group>";
		};
		BD41349F1858157D0090C605 /* IntroControll */ = {
			isa = PBXGroup;
			children = (
				BD4134A01858157D0090C605 /* IntroControll.h */,
				BD4134A11858157D0090C605 /* IntroControll.m */,
				BD4134A21858157D0090C605 /* IntroModel.h */,
				BD4134A31858157D0090C605 /* IntroModel.m */,
				BD4134A41858157D0090C605 /* IntroView.h */,
				BD4134A51858157D0090C605 /* IntroView.m */,
			);
			path = IntroControll;
			sourceTree = "<group>";
		};
		BD4134C018596DF30090C605 /* SAMWebView */ = {
			isa = PBXGroup;
			children = (
				BD4134C118596DF30090C605 /* LICENSE */,
				BD4134C218596DF30090C605 /* Readme.markdown */,
				BD4134C318596DF30090C605 /* Resources */,
				BD4134DC18596DF30090C605 /* SAMWebView */,
			);
			path = SAMWebView;
			sourceTree = "<group>";
		};
		BD4134C318596DF30090C605 /* Resources */ = {
			isa = PBXGroup;
			children = (
				BD4134C418596DF30090C605 /* SAMWebView-action-button-mini.png */,
				BD4134C518596DF30090C605 /* SAMWebView-action-button-mini@2x.png */,
				BD4134C618596DF30090C605 /* SAMWebView-action-button.png */,
				BD4134C718596DF30090C605 /* SAMWebView-action-button@2x.png */,
				BD4134C818596DF30090C605 /* SAMWebView-back-button-mini.png */,
				BD4134C918596DF30090C605 /* SAMWebView-back-button-mini@2x.png */,
				BD4134CA18596DF30090C605 /* SAMWebView-back-button.png */,
				BD4134CB18596DF30090C605 /* SAMWebView-back-button@2x.png */,
				BD4134CC18596DF30090C605 /* SAMWebView-forward-button-mini.png */,
				BD4134CD18596DF30090C605 /* SAMWebView-forward-button-mini@2x.png */,
				BD4134CE18596DF30090C605 /* SAMWebView-forward-button.png */,
				BD4134CF18596DF30090C605 /* SAMWebView-forward-button@2x.png */,
				BD4134D018596DF30090C605 /* SAMWebView-reload-button-mini.png */,
				BD4134D118596DF30090C605 /* SAMWebView-reload-button-mini@2x.png */,
				BD4134D218596DF30090C605 /* SAMWebView-reload-button.png */,
				BD4134D318596DF30090C605 /* SAMWebView-reload-button@2x.png */,
				BD4134D418596DF30090C605 /* SAMWebView-safari-button-mini.png */,
				BD4134D518596DF30090C605 /* SAMWebView-safari-button-mini@2x.png */,
				BD4134D618596DF30090C605 /* SAMWebView-safari-button.png */,
				BD4134D718596DF30090C605 /* SAMWebView-safari-button@2x.png */,
				BD4134D818596DF30090C605 /* SAMWebView-stop-button-mini.png */,
				BD4134D918596DF30090C605 /* SAMWebView-stop-button-mini@2x.png */,
				BD4134DA18596DF30090C605 /* SAMWebView-stop-button.png */,
				BD4134DB18596DF30090C605 /* SAMWebView-stop-button@2x.png */,
			);
			path = Resources;
			sourceTree = "<group>";
		};
		BD4134DC18596DF30090C605 /* SAMWebView */ = {
			isa = PBXGroup;
			children = (
				BD4134DD18596DF30090C605 /* SAMWebView.h */,
				BD4134DE18596DF30090C605 /* SAMWebView.m */,
				BD4134DF18596DF30090C605 /* SAMWebViewController.h */,
				BD4134E018596DF30090C605 /* SAMWebViewController.m */,
			);
			path = SAMWebView;
			sourceTree = "<group>";
		};
		BD4135081859A3D00090C605 /* Resources */ = {
			isa = PBXGroup;
			children = (
				BD652AD3187A63B0005FB4C3 /* piano.sf2 */,
				BD41351D185C31B30090C605 /* images */,
			);
			name = Resources;
			sourceTree = "<group>";
		};
		BD41351D185C31B30090C605 /* images */ = {
			isa = PBXGroup;
			children = (
				BD138AC5187D31E3002F577B /* dlist_bullets_icon&48.png */,
				BD138ABF187D2FA2002F577B /* dmenubar-7@2x.png */,
				BD138AC0187D2FA2002F577B /* dmenubar@2x.png */,
				BD138AC1187D2FA2002F577B /* dtabbar@2x.png */,
				BD413556185C41340090C605 /* tabbar.png */,
				BD413557185C41340090C605 /* tabbar@2x.png */,
				BD413550185C36420090C605 /* list-item-bg.png */,
				BD413551185C36420090C605 /* list-item-bg@2x.png */,
				BD413538185C34450090C605 /* back6.png */,
				BD413539185C34450090C605 /* back6@2x.png */,
				BD41353A185C34450090C605 /* menubar-7.png */,
				BD41353B185C34450090C605 /* menubar-7@2x.png */,
				BD41353C185C34450090C605 /* menubar-button-7.png */,
				BD41353D185C34450090C605 /* menubar-button-7@2x.png */,
				BD41353E185C34450090C605 /* menubar-button.png */,
				BD41353F185C34450090C605 /* menubar-button@2x.png */,
				BD413540185C34450090C605 /* menubar.png */,
				BD413541185C34450090C605 /* menubar@2x.png */,
			);
			name = images;
			sourceTree = "<group>";
		};
		BD413532185C33C80090C605 /* Libraries */ = {
			isa = PBXGroup;
			children = (
				BD41354C185C346E0090C605 /* Utils */,
				BD413533185C34140090C605 /* Categories */,
				BD4134C018596DF30090C605 /* SAMWebView */,
				BD41349F1858157D0090C605 /* IntroControll */,
			);
			name = Libraries;
			sourceTree = "<group>";
		};
		BD413533185C34140090C605 /* Categories */ = {
			isa = PBXGroup;
			children = (
				BD413534185C34140090C605 /* UIImage+iPhone5 */,
			);
			path = Categories;
			sourceTree = "<group>";
		};
		BD413534185C34140090C605 /* UIImage+iPhone5 */ = {
			isa = PBXGroup;
			children = (
				BD413535185C34140090C605 /* UIImage+iPhone5.h */,
				BD413536185C34140090C605 /* UIImage+iPhone5.m */,
			);
			path = "UIImage+iPhone5";
			sourceTree = "<group>";
		};
		BD41354C185C346E0090C605 /* Utils */ = {
			isa = PBXGroup;
			children = (
				BD41354D185C346E0090C605 /* Utils.h */,
				BD41354E185C346E0090C605 /* Utils.m */,
			);
			path = Utils;
			sourceTree = "<group>";
		};
/* End PBXGroup section */

/* Begin PBXNativeTarget section */
		BD028694185736020043EFE6 /* duosuccess */ = {
			isa = PBXNativeTarget;
			buildConfigurationList = BD0286C7185736030043EFE6 /* Build configuration list for PBXNativeTarget "duosuccess" */;
			buildPhases = (
				385434AA70A340B4A6477C60 /* Check Pods Manifest.lock */,
				BD028691185736020043EFE6 /* Sources */,
				BD028692185736020043EFE6 /* Frameworks */,
				BD028693185736020043EFE6 /* Resources */,
				9A1D092E3AC545A8B651F53D /* Copy Pods Resources */,
			);
			buildRules = (
			);
			dependencies = (
			);
			name = duosuccess;
			productName = duosuccess;
			productReference = BD028695185736020043EFE6 /* duosuccess.app */;
			productType = "com.apple.product-type.application";
		};
		BD0286B4185736030043EFE6 /* duosuccessTests */ = {
			isa = PBXNativeTarget;
			buildConfigurationList = BD0286CA185736030043EFE6 /* Build configuration list for PBXNativeTarget "duosuccessTests" */;
			buildPhases = (
				BD0286B1185736030043EFE6 /* Sources */,
				BD0286B2185736030043EFE6 /* Frameworks */,
				BD0286B3185736030043EFE6 /* Resources */,
			);
			buildRules = (
			);
			dependencies = (
				BD0286BC185736030043EFE6 /* PBXTargetDependency */,
			);
			name = duosuccessTests;
			productName = duosuccessTests;
			productReference = BD0286B5185736030043EFE6 /* duosuccessTests.xctest */;
			productType = "com.apple.product-type.bundle.unit-test";
		};
/* End PBXNativeTarget section */

/* Begin PBXProject section */
		BD02868D185736020043EFE6 /* Project object */ = {
			isa = PBXProject;
			attributes = {
				CLASSPREFIX = Ds;
				LastUpgradeCheck = 0500;
				ORGANIZATIONNAME = "Rick Li";
				TargetAttributes = {
					BD028694185736020043EFE6 = {
						DevelopmentTeam = MM2B8W94AH;
					};
					BD0286B4185736030043EFE6 = {
						TestTargetID = BD028694185736020043EFE6;
					};
				};
			};
			buildConfigurationList = BD028690185736020043EFE6 /* Build configuration list for PBXProject "duosuccess" */;
			compatibilityVersion = "Xcode 3.2";
			developmentRegion = English;
			hasScannedForEncodings = 0;
			knownRegions = (
				en,
				"zh-Hant",
				"zh-Hans",
			);
			mainGroup = BD02868C185736020043EFE6;
			productRefGroup = BD028696185736020043EFE6 /* Products */;
			projectDirPath = "";
			projectRoot = "";
			targets = (
				BD028694185736020043EFE6 /* duosuccess */,
				BD0286B4185736030043EFE6 /* duosuccessTests */,
			);
		};
/* End PBXProject section */

/* Begin PBXResourcesBuildPhase section */
		BD028693185736020043EFE6 /* Resources */ = {
			isa = PBXResourcesBuildPhase;
			buildActionMask = 2147483647;
			files = (
				BD413546185C34450090C605 /* menubar-button-7.png in Resources */,
				BD413555185C3E610090C605 /* Images.xcassets in Resources */,
				BD41351C185AF6440090C605 /* Settings.bundle in Resources */,
				BD4134F718596DF30090C605 /* SAMWebView-stop-button-mini.png in Resources */,
				BD413547185C34450090C605 /* menubar-button-7@2x.png in Resources */,
				BD413553185C36420090C605 /* list-item-bg@2x.png in Resources */,
				BD413559185C41340090C605 /* tabbar@2x.png in Resources */,
				BD4134F818596DF30090C605 /* SAMWebView-stop-button-mini@2x.png in Resources */,
				BD413543185C34450090C605 /* back6@2x.png in Resources */,
				BD4134F618596DF30090C605 /* SAMWebView-safari-button@2x.png in Resources */,
				BDF68F661877D04B00D3EDF3 /* Localizable.strings in Resources */,
				BD652AD4187A63B0005FB4C3 /* piano.sf2 in Resources */,
				BD413545185C34450090C605 /* menubar-7@2x.png in Resources */,
				BD41349518575AD80090C605 /* MainIphone.storyboard in Resources */,
				BD4134E118596DF30090C605 /* LICENSE in Resources */,
				BD4134ED18596DF30090C605 /* SAMWebView-forward-button.png in Resources */,
				BD138AC6187D31E3002F577B /* dlist_bullets_icon&48.png in Resources */,
				BD4134E718596DF30090C605 /* SAMWebView-back-button-mini.png in Resources */,
				BD138AC4187D2FA2002F577B /* dtabbar@2x.png in Resources */,
				BD138AC3187D2FA2002F577B /* dmenubar@2x.png in Resources */,
				BD413542185C34450090C605 /* back6.png in Resources */,
				BD4134E418596DF30090C605 /* SAMWebView-action-button-mini@2x.png in Resources */,
				BDF68F6C1877E70C00D3EDF3 /* InfoPlist.strings in Resources */,
				BD4134AA185816D80090C605 /* DsTableCell.xib in Resources */,
				BDF68F611877CD1400D3EDF3 /* duosuccess-Info.plist in Resources */,
				BD4134E818596DF30090C605 /* SAMWebView-back-button-mini@2x.png in Resources */,
				BD413558185C41340090C605 /* tabbar.png in Resources */,
				BD4134E218596DF30090C605 /* Readme.markdown in Resources */,
				BD4134F218596DF30090C605 /* SAMWebView-reload-button@2x.png in Resources */,
				BD41354B185C34450090C605 /* menubar@2x.png in Resources */,
				BD4134E518596DF30090C605 /* SAMWebView-action-button.png in Resources */,
				BD4134FA18596DF30090C605 /* SAMWebView-stop-button@2x.png in Resources */,
				BD4134F318596DF30090C605 /* SAMWebView-safari-button-mini.png in Resources */,
				BD4134EE18596DF30090C605 /* SAMWebView-forward-button@2x.png in Resources */,
				BD4134EA18596DF30090C605 /* SAMWebView-back-button@2x.png in Resources */,
				BD4134EF18596DF30090C605 /* SAMWebView-reload-button-mini.png in Resources */,
				BD4134F418596DF30090C605 /* SAMWebView-safari-button-mini@2x.png in Resources */,
				BD4134E318596DF30090C605 /* SAMWebView-action-button-mini.png in Resources */,
				BD4134E618596DF30090C605 /* SAMWebView-action-button@2x.png in Resources */,
				BD4134B7185885420090C605 /* DsInstConfrim.xib in Resources */,
				BD4134F118596DF30090C605 /* SAMWebView-reload-button.png in Resources */,
				BD4134EC18596DF30090C605 /* SAMWebView-forward-button-mini@2x.png in Resources */,
				BD4134EB18596DF30090C605 /* SAMWebView-forward-button-mini.png in Resources */,
				BD4134F018596DF30090C605 /* SAMWebView-reload-button-mini@2x.png in Resources */,
				BD4134F518596DF30090C605 /* SAMWebView-safari-button.png in Resources */,
				BD413548185C34450090C605 /* menubar-button.png in Resources */,
				BD413549185C34450090C605 /* menubar-button@2x.png in Resources */,
				BD41354A185C34450090C605 /* menubar.png in Resources */,
				BD413552185C36420090C605 /* list-item-bg.png in Resources */,
				BD4134E918596DF30090C605 /* SAMWebView-back-button.png in Resources */,
				BD138AC2187D2FA2002F577B /* dmenubar-7@2x.png in Resources */,
				BD413544185C34450090C605 /* menubar-7.png in Resources */,
				BD4134F918596DF30090C605 /* SAMWebView-stop-button.png in Resources */,
				BD41350C1859A9F60090C605 /* DsMusicControl.xib in Resources */,
			);
			runOnlyForDeploymentPostprocessing = 0;
		};
		BD0286B3185736030043EFE6 /* Resources */ = {
			isa = PBXResourcesBuildPhase;
			buildActionMask = 2147483647;
			files = (
				BD0286C2185736030043EFE6 /* InfoPlist.strings in Resources */,
			);
			runOnlyForDeploymentPostprocessing = 0;
		};
/* End PBXResourcesBuildPhase section */

/* Begin PBXShellScriptBuildPhase section */
		385434AA70A340B4A6477C60 /* Check Pods Manifest.lock */ = {
			isa = PBXShellScriptBuildPhase;
			buildActionMask = 2147483647;
			files = (
			);
			inputPaths = (
			);
			name = "Check Pods Manifest.lock";
			outputPaths = (
			);
			runOnlyForDeploymentPostprocessing = 0;
			shellPath = /bin/sh;
			shellScript = "diff \"${PODS_ROOT}/../Podfile.lock\" \"${PODS_ROOT}/Manifest.lock\" > /dev/null\nif [[ $? != 0 ]] ; then\n    cat << EOM\nerror: The sandbox is not in sync with the Podfile.lock. Run 'pod install' or update your CocoaPods installation.\nEOM\n    exit 1\nfi\n";
			showEnvVarsInLog = 0;
		};
		9A1D092E3AC545A8B651F53D /* Copy Pods Resources */ = {
			isa = PBXShellScriptBuildPhase;
			buildActionMask = 2147483647;
			files = (
			);
			inputPaths = (
			);
			name = "Copy Pods Resources";
			outputPaths = (
			);
			runOnlyForDeploymentPostprocessing = 0;
			shellPath = /bin/sh;
			shellScript = "\"${SRCROOT}/Pods/Pods-resources.sh\"\n";
			showEnvVarsInLog = 0;
		};
/* End PBXShellScriptBuildPhase section */

/* Begin PBXSourcesBuildPhase section */
		BD028691185736020043EFE6 /* Sources */ = {
			isa = PBXSourcesBuildPhase;
			buildActionMask = 2147483647;
			files = (
				BD4134A71858157D0090C605 /* IntroModel.m in Sources */,
				BD4134AD18581A350090C605 /* DsTableCell.m in Sources */,
				BD413512185AB4420090C605 /* DsWebViewController.m in Sources */,
				BD4134A81858157D0090C605 /* IntroView.m in Sources */,
				BD41350F1859ADE30090C605 /* DsMusicControll.m in Sources */,
				BD3449EB18696676005357D6 /* DsListViewController.m in Sources */,
				BD3449E518687A3D005357D6 /* DsConst.m in Sources */,
				BD3449DE1866F227005357D6 /* DsNotificationReceiver.m in Sources */,
				BD4134BA185888110090C605 /* DsInstConfirm.m in Sources */,
				BD41349B18575C850090C605 /* DsMenuViewController.m in Sources */,
				BD413537185C34140090C605 /* UIImage+iPhone5.m in Sources */,
				BD138ACB187E446A002F577B /* DsArticleHelper.m in Sources */,
				BD41349318574E770090C605 /* DsLang.m in Sources */,
				BD41347518573AC40090C605 /* DsDataStore.m in Sources */,
				BD4134A61858157D0090C605 /* IntroControll.m in Sources */,
				BD0286A7185736030043EFE6 /* main.m in Sources */,
				BD41354F185C346E0090C605 /* Utils.m in Sources */,
				BD3449F41869782B005357D6 /* DsCategoryListImpl.m in Sources */,
				BD4134FC18596DF30090C605 /* SAMWebViewController.m in Sources */,
				BD4134B518585D020090C605 /* DsIntroViewController.m in Sources */,
				BD41350118599F250090C605 /* DsMusicPlayer.m in Sources */,
				BD41349818575C590090C605 /* DsRootViewController.m in Sources */,
				BD138ABE187D06A0002F577B /* UIColor+Hex.m in Sources */,
				BD41348D18574C350090C605 /* DsCategory.m in Sources */,
				BD41349018574E3A0090C605 /* DsArticle.m in Sources */,
				BD4134FB18596DF30090C605 /* SAMWebView.m in Sources */,
				BD0286AB185736030043EFE6 /* DsAppDelegate.m in Sources */,
				BD413518185ADFE40090C605 /* DsPaperController.m in Sources */,
				BD138ACE187E6BC6002F577B /* DsMask.m in Sources */,
				BD3A1C7B1873CFF300CD69FB /* DsEventStore.m in Sources */,
				BD3A1C781873140C00CD69FB /* DsFileStore.m in Sources */,
				BD3449F11869781E005357D6 /* DsMainListImpl.m in Sources */,
				BD4134B21858533C0090C605 /* DsArticleViewController.m in Sources */,
				BD0286AE185736030043EFE6 /* duosuccess.xcdatamodeld in Sources */,
			);
			runOnlyForDeploymentPostprocessing = 0;
		};
		BD0286B1185736030043EFE6 /* Sources */ = {
			isa = PBXSourcesBuildPhase;
			buildActionMask = 2147483647;
			files = (
				BD0286C4185736030043EFE6 /* duosuccessTests.m in Sources */,
			);
			runOnlyForDeploymentPostprocessing = 0;
		};
/* End PBXSourcesBuildPhase section */

/* Begin PBXTargetDependency section */
		BD0286BC185736030043EFE6 /* PBXTargetDependency */ = {
			isa = PBXTargetDependency;
			target = BD028694185736020043EFE6 /* duosuccess */;
			targetProxy = BD0286BB185736030043EFE6 /* PBXContainerItemProxy */;
		};
/* End PBXTargetDependency section */

/* Begin PBXVariantGroup section */
		BD0286C0185736030043EFE6 /* InfoPlist.strings */ = {
			isa = PBXVariantGroup;
			children = (
				BD0286C1185736030043EFE6 /* en */,
				BDF68F631877CD6800D3EDF3 /* zh-Hant */,
				BDF68F721878088300D3EDF3 /* zh-Hans */,
			);
			name = InfoPlist.strings;
			sourceTree = "<group>";
		};
		BDF68F681877D04B00D3EDF3 /* Localizable.strings */ = {
			isa = PBXVariantGroup;
			children = (
				BDF68F671877D04B00D3EDF3 /* en */,
				BDF68F691877D05200D3EDF3 /* zh-Hant */,
				BDF68F701878088300D3EDF3 /* zh-Hans */,
			);
			name = Localizable.strings;
			sourceTree = "<group>";
		};
		BDF68F6E1877E70C00D3EDF3 /* InfoPlist.strings */ = {
			isa = PBXVariantGroup;
			children = (
				BDF68F6D1877E70C00D3EDF3 /* en */,
				BDF68F6F1877E71200D3EDF3 /* zh-Hant */,
				BDF68F711878088300D3EDF3 /* zh-Hans */,
			);
			name = InfoPlist.strings;
			sourceTree = "<group>";
		};
/* End PBXVariantGroup section */

/* Begin XCBuildConfiguration section */
		BD0286C5185736030043EFE6 /* Debug */ = {
			isa = XCBuildConfiguration;
			buildSettings = {
				ALWAYS_SEARCH_USER_PATHS = NO;
				ARCHS = "$(ARCHS_STANDARD_INCLUDING_64_BIT)";
				CLANG_CXX_LANGUAGE_STANDARD = "gnu++0x";
				CLANG_CXX_LIBRARY = "libc++";
				CLANG_ENABLE_MODULES = YES;
				CLANG_ENABLE_OBJC_ARC = YES;
				CLANG_WARN_BOOL_CONVERSION = YES;
				CLANG_WARN_CONSTANT_CONVERSION = YES;
				CLANG_WARN_DIRECT_OBJC_ISA_USAGE = YES_ERROR;
				CLANG_WARN_EMPTY_BODY = YES;
				CLANG_WARN_ENUM_CONVERSION = YES;
				CLANG_WARN_INT_CONVERSION = YES;
				CLANG_WARN_OBJC_ROOT_CLASS = YES_ERROR;
				CLANG_WARN__DUPLICATE_METHOD_MATCH = YES;
				CODE_SIGN_IDENTITY = "iPhone Developer";
				"CODE_SIGN_IDENTITY[sdk=iphoneos*]" = "iPhone Developer";
				COPY_PHASE_STRIP = NO;
				GCC_C_LANGUAGE_STANDARD = gnu99;
				GCC_DYNAMIC_NO_PIC = NO;
				GCC_OPTIMIZATION_LEVEL = 0;
				GCC_PREPROCESSOR_DEFINITIONS = (
					"DEBUG=1",
					"$(inherited)",
				);
				GCC_SYMBOLS_PRIVATE_EXTERN = NO;
				GCC_WARN_64_TO_32_BIT_CONVERSION = YES;
				GCC_WARN_ABOUT_RETURN_TYPE = YES_ERROR;
				GCC_WARN_UNDECLARED_SELECTOR = YES;
				GCC_WARN_UNINITIALIZED_AUTOS = YES;
				GCC_WARN_UNUSED_FUNCTION = YES;
				GCC_WARN_UNUSED_VARIABLE = YES;
				IPHONEOS_DEPLOYMENT_TARGET = 7.0;
				ONLY_ACTIVE_ARCH = YES;
				SDKROOT = iphoneos;
				TARGETED_DEVICE_FAMILY = 1;
			};
			name = Debug;
		};
		BD0286C6185736030043EFE6 /* Release */ = {
			isa = XCBuildConfiguration;
			buildSettings = {
				ALWAYS_SEARCH_USER_PATHS = NO;
				ARCHS = "$(ARCHS_STANDARD_INCLUDING_64_BIT)";
				CLANG_CXX_LANGUAGE_STANDARD = "gnu++0x";
				CLANG_CXX_LIBRARY = "libc++";
				CLANG_ENABLE_MODULES = YES;
				CLANG_ENABLE_OBJC_ARC = YES;
				CLANG_WARN_BOOL_CONVERSION = YES;
				CLANG_WARN_CONSTANT_CONVERSION = YES;
				CLANG_WARN_DIRECT_OBJC_ISA_USAGE = YES_ERROR;
				CLANG_WARN_EMPTY_BODY = YES;
				CLANG_WARN_ENUM_CONVERSION = YES;
				CLANG_WARN_INT_CONVERSION = YES;
				CLANG_WARN_OBJC_ROOT_CLASS = YES_ERROR;
				CLANG_WARN__DUPLICATE_METHOD_MATCH = YES;
				"CODE_SIGN_IDENTITY[sdk=iphoneos*]" = "iPhone Distribution";
				COPY_PHASE_STRIP = YES;
				ENABLE_NS_ASSERTIONS = NO;
				GCC_C_LANGUAGE_STANDARD = gnu99;
				GCC_WARN_64_TO_32_BIT_CONVERSION = YES;
				GCC_WARN_ABOUT_RETURN_TYPE = YES_ERROR;
				GCC_WARN_UNDECLARED_SELECTOR = YES;
				GCC_WARN_UNINITIALIZED_AUTOS = YES;
				GCC_WARN_UNUSED_FUNCTION = YES;
				GCC_WARN_UNUSED_VARIABLE = YES;
				IPHONEOS_DEPLOYMENT_TARGET = 7.0;
				SDKROOT = iphoneos;
				TARGETED_DEVICE_FAMILY = 1;
				VALIDATE_PRODUCT = YES;
			};
			name = Release;
		};
		BD0286C8185736030043EFE6 /* Debug */ = {
			isa = XCBuildConfiguration;
			baseConfigurationReference = 4FF869E605474407BBC336D0 /* Pods.xcconfig */;
			buildSettings = {
				ARCHS = "$(ARCHS_STANDARD)";
				ASSETCATALOG_COMPILER_APPICON_NAME = AppIcon;
				ASSETCATALOG_COMPILER_LAUNCHIMAGE_NAME = LaunchImage;
				CODE_SIGN_IDENTITY = "iPhone Developer";
				"CODE_SIGN_IDENTITY[sdk=iphoneos*]" = "iPhone Developer";
				FRAMEWORK_SEARCH_PATHS = (
					"$(inherited)",
					"/Users/rickli/Documents/apps/duosuccess-https",
					"/Users/rickli/Documents/apps/duosuccess-https/Frameworks",
				);
				GCC_PRECOMPILE_PREFIX_HEADER = YES;
				GCC_PREFIX_HEADER = "duosuccess/duosuccess-Prefix.pch";
				INFOPLIST_FILE = "duosuccess/duosuccess-Info.plist";
				IPHONEOS_DEPLOYMENT_TARGET = 6.0;
				PRODUCT_NAME = "$(TARGET_NAME)";
				PROVISIONING_PROFILE = "";
				VALID_ARCHS = "armv7 armv7s";
				WRAPPER_EXTENSION = app;
			};
			name = Debug;
		};
		BD0286C9185736030043EFE6 /* Release */ = {
			isa = XCBuildConfiguration;
			baseConfigurationReference = 4FF869E605474407BBC336D0 /* Pods.xcconfig */;
			buildSettings = {
				ARCHS = "$(ARCHS_STANDARD)";
				ASSETCATALOG_COMPILER_APPICON_NAME = AppIcon;
				ASSETCATALOG_COMPILER_LAUNCHIMAGE_NAME = LaunchImage;
				CODE_SIGN_IDENTITY = "iPhone Developer";
				"CODE_SIGN_IDENTITY[sdk=iphoneos*]" = "iPhone Developer";
				FRAMEWORK_SEARCH_PATHS = (
					"$(inherited)",
					"/Users/rickli/Documents/apps/duosuccess-https",
					"/Users/rickli/Documents/apps/duosuccess-https/Frameworks",
				);
				GCC_PRECOMPILE_PREFIX_HEADER = YES;
				GCC_PREFIX_HEADER = "duosuccess/duosuccess-Prefix.pch";
				INFOPLIST_FILE = "duosuccess/duosuccess-Info.plist";
				IPHONEOS_DEPLOYMENT_TARGET = 6.0;
				PRODUCT_NAME = "$(TARGET_NAME)";
				PROVISIONING_PROFILE = "";
				VALID_ARCHS = "armv7 armv7s";
				WRAPPER_EXTENSION = app;
			};
			name = Release;
		};
		BD0286CB185736030043EFE6 /* Debug */ = {
			isa = XCBuildConfiguration;
			buildSettings = {
				ARCHS = "$(ARCHS_STANDARD_INCLUDING_64_BIT)";
				BUNDLE_LOADER = "$(BUILT_PRODUCTS_DIR)/duosuccess.app/duosuccess";
				FRAMEWORK_SEARCH_PATHS = (
					"$(SDKROOT)/Developer/Library/Frameworks",
					"$(inherited)",
					"$(DEVELOPER_FRAMEWORKS_DIR)",
				);
				GCC_PRECOMPILE_PREFIX_HEADER = YES;
				GCC_PREFIX_HEADER = "duosuccess/duosuccess-Prefix.pch";
				GCC_PREPROCESSOR_DEFINITIONS = (
					"DEBUG=1",
					"$(inherited)",
				);
				INFOPLIST_FILE = "duosuccessTests/duosuccessTests-Info.plist";
				PRODUCT_NAME = "$(TARGET_NAME)";
				TEST_HOST = "$(BUNDLE_LOADER)";
				WRAPPER_EXTENSION = xctest;
			};
			name = Debug;
		};
		BD0286CC185736030043EFE6 /* Release */ = {
			isa = XCBuildConfiguration;
			buildSettings = {
				ARCHS = "$(ARCHS_STANDARD_INCLUDING_64_BIT)";
				BUNDLE_LOADER = "$(BUILT_PRODUCTS_DIR)/duosuccess.app/duosuccess";
				FRAMEWORK_SEARCH_PATHS = (
					"$(SDKROOT)/Developer/Library/Frameworks",
					"$(inherited)",
					"$(DEVELOPER_FRAMEWORKS_DIR)",
				);
				GCC_PRECOMPILE_PREFIX_HEADER = YES;
				GCC_PREFIX_HEADER = "duosuccess/duosuccess-Prefix.pch";
				INFOPLIST_FILE = "duosuccessTests/duosuccessTests-Info.plist";
				PRODUCT_NAME = "$(TARGET_NAME)";
				TEST_HOST = "$(BUNDLE_LOADER)";
				WRAPPER_EXTENSION = xctest;
			};
			name = Release;
		};
/* End XCBuildConfiguration section */

/* Begin XCConfigurationList section */
		BD028690185736020043EFE6 /* Build configuration list for PBXProject "duosuccess" */ = {
			isa = XCConfigurationList;
			buildConfigurations = (
				BD0286C5185736030043EFE6 /* Debug */,
				BD0286C6185736030043EFE6 /* Release */,
			);
			defaultConfigurationIsVisible = 0;
			defaultConfigurationName = Release;
		};
		BD0286C7185736030043EFE6 /* Build configuration list for PBXNativeTarget "duosuccess" */ = {
			isa = XCConfigurationList;
			buildConfigurations = (
				BD0286C8185736030043EFE6 /* Debug */,
				BD0286C9185736030043EFE6 /* Release */,
			);
			defaultConfigurationIsVisible = 0;
			defaultConfigurationName = Release;
		};
		BD0286CA185736030043EFE6 /* Build configuration list for PBXNativeTarget "duosuccessTests" */ = {
			isa = XCConfigurationList;
			buildConfigurations = (
				BD0286CB185736030043EFE6 /* Debug */,
				BD0286CC185736030043EFE6 /* Release */,
			);
			defaultConfigurationIsVisible = 0;
			defaultConfigurationName = Release;
		};
/* End XCConfigurationList section */

/* Begin XCVersionGroup section */
		BD0286AC185736030043EFE6 /* duosuccess.xcdatamodeld */ = {
			isa = XCVersionGroup;
			children = (
				BD0286AD185736030043EFE6 /* duosuccess.xcdatamodel */,
			);
			currentVersion = BD0286AD185736030043EFE6 /* duosuccess.xcdatamodel */;
			path = duosuccess.xcdatamodeld;
			sourceTree = "<group>";
			versionGroupType = wrapper.xcdatamodel;
		};
/* End XCVersionGroup section */
	};
	rootObject = BD02868D185736020043EFE6 /* Project object */;
}
